
Microsoft Visual Studio Solution File, Format Version 12.00
# Visual Studio Version 17
VisualStudioVersion = 17.3.32901.215
MinimumVisualStudioVersion = 10.0.40219.1
Project("{8BC9CEB8-8B4A-11D0-8D11-00A0C91BC942}") = "Bài 001", "Bài 001\Bài 001.vcxproj", "{76D93F9D-97FE-4939-B0FC-4A4C69D62D91}"
EndProject
Project("{8BC9CEB8-8B4A-11D0-8D11-00A0C91BC942}") = "Bài 002", "Bài 002\Bài 002.vcxproj", "{BFB7A10B-A216-4DBA-996A-D40C5021526A}"
EndProject
Project("{8BC9CEB8-8B4A-11D0-8D11-00A0C91BC942}") = "Bài 003", "Bài 003\Bài 003.vcxproj", "{6BCAE6B2-FF69-46D8-9F45-69E776C3A3A6}"
EndProject
Project("{8BC9CEB8-8B4A-11D0-8D11-00A0C91BC942}") = "Bài 090", "Bài 090\Bài 090.vcxproj", "{9989CA22-8CD9-42F2-8FE1-EA75D79F2852}"
EndProject
Project("{8BC9CEB8-8B4A-11D0-8D11-00A0C91BC942}") = "Bài 091", "Bài 091\Bài 091.vcxproj", "{6A928C96-BD96-4CEC-BE40-2203ED807CC1}"
EndProject
Project("{8BC9CEB8-8B4A-11D0-8D11-00A0C91BC942}") = "Bài 092", "Bài 092\Bài 092.vcxproj", "{DE56DCC4-0651-43CF-97C6-53D5D54FF190}"
EndProject
Project("{8BC9CEB8-8B4A-11D0-8D11-00A0C91BC942}") = "Bài 093", "Bài 093\Bài 093.vcxproj", "{6B95B014-1655-46D5-A1C6-1C1E23295513}"
EndProject
Project("{8BC9CEB8-8B4A-11D0-8D11-00A0C91BC942}") = "Bài 094", "Bài 094\Bài 094.vcxproj", "{C2CF0CE7-D9DE-4AFA-979B-C49C62AECA70}"
EndProject
Project("{8BC9CEB8-8B4A-11D0-8D11-00A0C91BC942}") = "Bài 095", "Bài 095\Bài 095.vcxproj", "{0DB11AA4-D98F-45B0-AC93-0B36C56C6D5F}"
EndProject
Project("{8BC9CEB8-8B4A-11D0-8D11-00A0C91BC942}") = "Bài 096", "Bài 096\Bài 096.vcxproj", "{C83923CC-89C1-49E4-8B67-B9C6AEBACB6E}"
EndProject
Project("{8BC9CEB8-8B4A-11D0-8D11-00A0C91BC942}") = "Bài 097", "Bài 097\Bài 097.vcxproj", "{A411465C-0176-41CA-B258-E407DB2D6486}"
EndProject
Project("{8BC9CEB8-8B4A-11D0-8D11-00A0C91BC942}") = "Bài 098", "Bài 098\Bài 098.vcxproj", "{404E0F09-6059-4D3C-A0EA-1776BFD9E794}"
EndProject
Project("{8BC9CEB8-8B4A-11D0-8D11-00A0C91BC942}") = "Bài 099", "Bài 099\Bài 099.vcxproj", "{8C8C8FD9-4AF1-4B13-890B-55841EBD89B6}"
EndProject
Project("{8BC9CEB8-8B4A-11D0-8D11-00A0C91BC942}") = "Bài 100", "Bài 100\Bài 100.vcxproj", "{6ED5400C-BFBB-49B4-B4FE-8B44CEB94800}"
EndProject
Global
	GlobalSection(SolutionConfigurationPlatforms) = preSolution
		Debug|x64 = Debug|x64
		Debug|x86 = Debug|x86
		Release|x64 = Release|x64
		Release|x86 = Release|x86
	EndGlobalSection
	GlobalSection(ProjectConfigurationPlatforms) = postSolution
		{76D93F9D-97FE-4939-B0FC-4A4C69D62D91}.Debug|x64.ActiveCfg = Debug|x64
		{76D93F9D-97FE-4939-B0FC-4A4C69D62D91}.Debug|x64.Build.0 = Debug|x64
		{76D93F9D-97FE-4939-B0FC-4A4C69D62D91}.Debug|x86.ActiveCfg = Debug|Win32
		{76D93F9D-97FE-4939-B0FC-4A4C69D62D91}.Debug|x86.Build.0 = Debug|Win32
		{76D93F9D-97FE-4939-B0FC-4A4C69D62D91}.Release|x64.ActiveCfg = Release|x64
		{76D93F9D-97FE-4939-B0FC-4A4C69D62D91}.Release|x64.Build.0 = Release|x64
		{76D93F9D-97FE-4939-B0FC-4A4C69D62D91}.Release|x86.ActiveCfg = Release|Win32
		{76D93F9D-97FE-4939-B0FC-4A4C69D62D91}.Release|x86.Build.0 = Release|Win32
		{BFB7A10B-A216-4DBA-996A-D40C5021526A}.Debug|x64.ActiveCfg = Debug|x64
		{BFB7A10B-A216-4DBA-996A-D40C5021526A}.Debug|x64.Build.0 = Debug|x64
		{BFB7A10B-A216-4DBA-996A-D40C5021526A}.Debug|x86.ActiveCfg = Debug|Win32
		{BFB7A10B-A216-4DBA-996A-D40C5021526A}.Debug|x86.Build.0 = Debug|Win32
		{BFB7A10B-A216-4DBA-996A-D40C5021526A}.Release|x64.ActiveCfg = Release|x64
		{BFB7A10B-A216-4DBA-996A-D40C5021526A}.Release|x64.Build.0 = Release|x64
		{BFB7A10B-A216-4DBA-996A-D40C5021526A}.Release|x86.ActiveCfg = Release|Win32
		{BFB7A10B-A216-4DBA-996A-D40C5021526A}.Release|x86.Build.0 = Release|Win32
		{6BCAE6B2-FF69-46D8-9F45-69E776C3A3A6}.Debug|x64.ActiveCfg = Debug|x64
		{6BCAE6B2-FF69-46D8-9F45-69E776C3A3A6}.Debug|x64.Build.0 = Debug|x64
		{6BCAE6B2-FF69-46D8-9F45-69E776C3A3A6}.Debug|x86.ActiveCfg = Debug|Win32
		{6BCAE6B2-FF69-46D8-9F45-69E776C3A3A6}.Debug|x86.Build.0 = Debug|Win32
		{6BCAE6B2-FF69-46D8-9F45-69E776C3A3A6}.Release|x64.ActiveCfg = Release|x64
		{6BCAE6B2-FF69-46D8-9F45-69E776C3A3A6}.Release|x64.Build.0 = Release|x64
		{6BCAE6B2-FF69-46D8-9F45-69E776C3A3A6}.Release|x86.ActiveCfg = Release|Win32
		{6BCAE6B2-FF69-46D8-9F45-69E776C3A3A6}.Release|x86.Build.0 = Release|Win32
		{9989CA22-8CD9-42F2-8FE1-EA75D79F2852}.Debug|x64.ActiveCfg = Debug|x64
		{9989CA22-8CD9-42F2-8FE1-EA75D79F2852}.Debug|x64.Build.0 = Debug|x64
		{9989CA22-8CD9-42F2-8FE1-EA75D79F2852}.Debug|x86.ActiveCfg = Debug|Win32
		{9989CA22-8CD9-42F2-8FE1-EA75D79F2852}.Debug|x86.Build.0 = Debug|Win32
		{9989CA22-8CD9-42F2-8FE1-EA75D79F2852}.Release|x64.ActiveCfg = Release|x64
		{9989CA22-8CD9-42F2-8FE1-EA75D79F2852}.Release|x64.Build.0 = Release|x64
		{9989CA22-8CD9-42F2-8FE1-EA75D79F2852}.Release|x86.ActiveCfg = Release|Win32
		{9989CA22-8CD9-42F2-8FE1-EA75D79F2852}.Release|x86.Build.0 = Release|Win32
		{6A928C96-BD96-4CEC-BE40-2203ED807CC1}.Debug|x64.ActiveCfg = Debug|x64
		{6A928C96-BD96-4CEC-BE40-2203ED807CC1}.Debug|x64.Build.0 = Debug|x64
		{6A928C96-BD96-4CEC-BE40-2203ED807CC1}.Debug|x86.ActiveCfg = Debug|Win32
		{6A928C96-BD96-4CEC-BE40-2203ED807CC1}.Debug|x86.Build.0 = Debug|Win32
		{6A928C96-BD96-4CEC-BE40-2203ED807CC1}.Release|x64.ActiveCfg = Release|x64
		{6A928C96-BD96-4CEC-BE40-2203ED807CC1}.Release|x64.Build.0 = Release|x64
		{6A928C96-BD96-4CEC-BE40-2203ED807CC1}.Release|x86.ActiveCfg = Release|Win32
		{6A928C96-BD96-4CEC-BE40-2203ED807CC1}.Release|x86.Build.0 = Release|Win32
		{DE56DCC4-0651-43CF-97C6-53D5D54FF190}.Debug|x64.ActiveCfg = Debug|x64
		{DE56DCC4-0651-43CF-97C6-53D5D54FF190}.Debug|x64.Build.0 = Debug|x64
		{DE56DCC4-0651-43CF-97C6-53D5D54FF190}.Debug|x86.ActiveCfg = Debug|Win32
		{DE56DCC4-0651-43CF-97C6-53D5D54FF190}.Debug|x86.Build.0 = Debug|Win32
		{DE56DCC4-0651-43CF-97C6-53D5D54FF190}.Release|x64.ActiveCfg = Release|x64
		{DE56DCC4-0651-43CF-97C6-53D5D54FF190}.Release|x64.Build.0 = Release|x64
		{DE56DCC4-0651-43CF-97C6-53D5D54FF190}.Release|x86.ActiveCfg = Release|Win32
		{DE56DCC4-0651-43CF-97C6-53D5D54FF190}.Release|x86.Build.0 = Release|Win32
		{6B95B014-1655-46D5-A1C6-1C1E23295513}.Debug|x64.ActiveCfg = Debug|x64
		{6B95B014-1655-46D5-A1C6-1C1E23295513}.Debug|x64.Build.0 = Debug|x64
		{6B95B014-1655-46D5-A1C6-1C1E23295513}.Debug|x86.ActiveCfg = Debug|Win32
		{6B95B014-1655-46D5-A1C6-1C1E23295513}.Debug|x86.Build.0 = Debug|Win32
		{6B95B014-1655-46D5-A1C6-1C1E23295513}.Release|x64.ActiveCfg = Release|x64
		{6B95B014-1655-46D5-A1C6-1C1E23295513}.Release|x64.Build.0 = Release|x64
		{6B95B014-1655-46D5-A1C6-1C1E23295513}.Release|x86.ActiveCfg = Release|Win32
		{6B95B014-1655-46D5-A1C6-1C1E23295513}.Release|x86.Build.0 = Release|Win32
		{C2CF0CE7-D9DE-4AFA-979B-C49C62AECA70}.Debug|x64.ActiveCfg = Debug|x64
		{C2CF0CE7-D9DE-4AFA-979B-C49C62AECA70}.Debug|x64.Build.0 = Debug|x64
		{C2CF0CE7-D9DE-4AFA-979B-C49C62AECA70}.Debug|x86.ActiveCfg = Debug|Win32
		{C2CF0CE7-D9DE-4AFA-979B-C49C62AECA70}.Debug|x86.Build.0 = Debug|Win32
		{C2CF0CE7-D9DE-4AFA-979B-C49C62AECA70}.Release|x64.ActiveCfg = Release|x64
		{C2CF0CE7-D9DE-4AFA-979B-C49C62AECA70}.Release|x64.Build.0 = Release|x64
		{C2CF0CE7-D9DE-4AFA-979B-C49C62AECA70}.Release|x86.ActiveCfg = Release|Win32
		{C2CF0CE7-D9DE-4AFA-979B-C49C62AECA70}.Release|x86.Build.0 = Release|Win32
		{0DB11AA4-D98F-45B0-AC93-0B36C56C6D5F}.Debug|x64.ActiveCfg = Debug|x64
		{0DB11AA4-D98F-45B0-AC93-0B36C56C6D5F}.Debug|x64.Build.0 = Debug|x64
		{0DB11AA4-D98F-45B0-AC93-0B36C56C6D5F}.Debug|x86.ActiveCfg = Debug|Win32
		{0DB11AA4-D98F-45B0-AC93-0B36C56C6D5F}.Debug|x86.Build.0 = Debug|Win32
		{0DB11AA4-D98F-45B0-AC93-0B36C56C6D5F}.Release|x64.ActiveCfg = Release|x64
		{0DB11AA4-D98F-45B0-AC93-0B36C56C6D5F}.Release|x64.Build.0 = Release|x64
		{0DB11AA4-D98F-45B0-AC93-0B36C56C6D5F}.Release|x86.ActiveCfg = Release|Win32
		{0DB11AA4-D98F-45B0-AC93-0B36C56C6D5F}.Release|x86.Build.0 = Release|Win32
		{C83923CC-89C1-49E4-8B67-B9C6AEBACB6E}.Debug|x64.ActiveCfg = Debug|x64
		{C83923CC-89C1-49E4-8B67-B9C6AEBACB6E}.Debug|x64.Build.0 = Debug|x64
		{C83923CC-89C1-49E4-8B67-B9C6AEBACB6E}.Debug|x86.ActiveCfg = Debug|Win32
		{C83923CC-89C1-49E4-8B67-B9C6AEBACB6E}.Debug|x86.Build.0 = Debug|Win32
		{C83923CC-89C1-49E4-8B67-B9C6AEBACB6E}.Release|x64.ActiveCfg = Release|x64
		{C83923CC-89C1-49E4-8B67-B9C6AEBACB6E}.Release|x64.Build.0 = Release|x64
		{C83923CC-89C1-49E4-8B67-B9C6AEBACB6E}.Release|x86.ActiveCfg = Release|Win32
		{C83923CC-89C1-49E4-8B67-B9C6AEBACB6E}.Release|x86.Build.0 = Release|Win32
		{A411465C-0176-41CA-B258-E407DB2D6486}.Debug|x64.ActiveCfg = Debug|x64
		{A411465C-0176-41CA-B258-E407DB2D6486}.Debug|x64.Build.0 = Debug|x64
		{A411465C-0176-41CA-B258-E407DB2D6486}.Debug|x86.ActiveCfg = Debug|Win32
		{A411465C-0176-41CA-B258-E407DB2D6486}.Debug|x86.Build.0 = Debug|Win32
		{A411465C-0176-41CA-B258-E407DB2D6486}.Release|x64.ActiveCfg = Release|x64
		{A411465C-0176-41CA-B258-E407DB2D6486}.Release|x64.Build.0 = Release|x64
		{A411465C-0176-41CA-B258-E407DB2D6486}.Release|x86.ActiveCfg = Release|Win32
		{A411465C-0176-41CA-B258-E407DB2D6486}.Release|x86.Build.0 = Release|Win32
		{404E0F09-6059-4D3C-A0EA-1776BFD9E794}.Debug|x64.ActiveCfg = Debug|x64
		{404E0F09-6059-4D3C-A0EA-1776BFD9E794}.Debug|x64.Build.0 = Debug|x64
		{404E0F09-6059-4D3C-A0EA-1776BFD9E794}.Debug|x86.ActiveCfg = Debug|Win32
		{404E0F09-6059-4D3C-A0EA-1776BFD9E794}.Debug|x86.Build.0 = Debug|Win32
		{404E0F09-6059-4D3C-A0EA-1776BFD9E794}.Release|x64.ActiveCfg = Release|x64
		{404E0F09-6059-4D3C-A0EA-1776BFD9E794}.Release|x64.Build.0 = Release|x64
		{404E0F09-6059-4D3C-A0EA-1776BFD9E794}.Release|x86.ActiveCfg = Release|Win32
		{404E0F09-6059-4D3C-A0EA-1776BFD9E794}.Release|x86.Build.0 = Release|Win32
		{8C8C8FD9-4AF1-4B13-890B-55841EBD89B6}.Debug|x64.ActiveCfg = Debug|x64
		{8C8C8FD9-4AF1-4B13-890B-55841EBD89B6}.Debug|x64.Build.0 = Debug|x64
		{8C8C8FD9-4AF1-4B13-890B-55841EBD89B6}.Debug|x86.ActiveCfg = Debug|Win32
		{8C8C8FD9-4AF1-4B13-890B-55841EBD89B6}.Debug|x86.Build.0 = Debug|Win32
		{8C8C8FD9-4AF1-4B13-890B-55841EBD89B6}.Release|x64.ActiveCfg = Release|x64
		{8C8C8FD9-4AF1-4B13-890B-55841EBD89B6}.Release|x64.Build.0 = Release|x64
		{8C8C8FD9-4AF1-4B13-890B-55841EBD89B6}.Release|x86.ActiveCfg = Release|Win32
		{8C8C8FD9-4AF1-4B13-890B-55841EBD89B6}.Release|x86.Build.0 = Release|Win32
		{6ED5400C-BFBB-49B4-B4FE-8B44CEB94800}.Debug|x64.ActiveCfg = Debug|x64
		{6ED5400C-BFBB-49B4-B4FE-8B44CEB94800}.Debug|x64.Build.0 = Debug|x64
		{6ED5400C-BFBB-49B4-B4FE-8B44CEB94800}.Debug|x86.ActiveCfg = Debug|Win32
		{6ED5400C-BFBB-49B4-B4FE-8B44CEB94800}.Debug|x86.Build.0 = Debug|Win32
		{6ED5400C-BFBB-49B4-B4FE-8B44CEB94800}.Release|x64.ActiveCfg = Release|x64
		{6ED5400C-BFBB-49B4-B4FE-8B44CEB94800}.Release|x64.Build.0 = Release|x64
		{6ED5400C-BFBB-49B4-B4FE-8B44CEB94800}.Release|x86.ActiveCfg = Release|Win32
		{6ED5400C-BFBB-49B4-B4FE-8B44CEB94800}.Release|x86.Build.0 = Release|Win32
	EndGlobalSection
	GlobalSection(SolutionProperties) = preSolution
		HideSolutionNode = FALSE
	EndGlobalSection
	GlobalSection(ExtensibilityGlobals) = postSolution
		SolutionGuid = {841C3C30-9E7E-4CE9-BD39-0BCAA3560A70}
	EndGlobalSection
EndGlobal
