
Microsoft Visual Studio Solution File, Format Version 12.00
# Visual Studio Version 17
VisualStudioVersion = 17.3.32901.215
MinimumVisualStudioVersion = 10.0.40219.1
Project("{8BC9CEB8-8B4A-11D0-8D11-00A0C91BC942}") = "Bài 001", "Bài 001\Bài 001.vcxproj", "{76D93F9D-97FE-4939-B0FC-4A4C69D62D91}"
EndProject
Project("{8BC9CEB8-8B4A-11D0-8D11-00A0C91BC942}") = "Bài 002", "Bài 002\Bài 002.vcxproj", "{BFB7A10B-A216-4DBA-996A-D40C5021526A}"
EndProject
Project("{8BC9CEB8-8B4A-11D0-8D11-00A0C91BC942}") = "Bài 003", "Bài 003\Bài 003.vcxproj", "{6BCAE6B2-FF69-46D8-9F45-69E776C3A3A6}"
EndProject
Project("{8BC9CEB8-8B4A-11D0-8D11-00A0C91BC942}") = "Bài 090", "Bài 090\Bài 090.vcxproj", "{9989CA22-8CD9-42F2-8FE1-EA75D79F2852}"
EndProject
Project("{8BC9CEB8-8B4A-11D0-8D11-00A0C91BC942}") = "Bài 091", "Bài 091\Bài 091.vcxproj", "{6A928C96-BD96-4CEC-BE40-2203ED807CC1}"
EndProject
Project("{8BC9CEB8-8B4A-11D0-8D11-00A0C91BC942}") = "Bài 092", "Bài 092\Bài 092.vcxproj", "{DE56DCC4-0651-43CF-97C6-53D5D54FF190}"
EndProject
Project("{8BC9CEB8-8B4A-11D0-8D11-00A0C91BC942}") = "Bài 093", "Bài 093\Bài 093.vcxproj", "{6B95B014-1655-46D5-A1C6-1C1E23295513}"
EndProject
Project("{8BC9CEB8-8B4A-11D0-8D11-00A0C91BC942}") = "Bài 094", "Bài 094\Bài 094.vcxproj", "{C2CF0CE7-D9DE-4AFA-979B-C49C62AECA70}"
EndProject
Project("{8BC9CEB8-8B4A-11D0-8D11-00A0C91BC942}") = "Bài 095", "Bài 095\Bài 095.vcxproj", "{0DB11AA4-D98F-45B0-AC93-0B36C56C6D5F}"
EndProject
Project("{8BC9CEB8-8B4A-11D0-8D11-00A0C91BC942}") = "Bài 096", "Bài 096\Bài 096.vcxproj", "{C83923CC-89C1-49E4-8B67-B9C6AEBACB6E}"
EndProject
Project("{8BC9CEB8-8B4A-11D0-8D11-00A0C91BC942}") = "Bài 097", "Bài 097\Bài 097.vcxproj", "{A411465C-0176-41CA-B258-E407DB2D6486}"
EndProject
Project("{8BC9CEB8-8B4A-11D0-8D11-00A0C91BC942}") = "Bài 098", "Bài 098\Bài 098.vcxproj", "{404E0F09-6059-4D3C-A0EA-1776BFD9E794}"
EndProject
Project("{8BC9CEB8-8B4A-11D0-8D11-00A0C91BC942}") = "Bài 099", "Bài 099\Bài 099.vcxproj", "{8C8C8FD9-4AF1-4B13-890B-55841EBD89B6}"
EndProject
Project("{8BC9CEB8-8B4A-11D0-8D11-00A0C91BC942}") = "Bài 100", "Bài 100\Bài 100.vcxproj", "{6ED5400C-BFBB-49B4-B4FE-8B44CEB94800}"
EndProject
Project("{8BC9CEB8-8B4A-11D0-8D11-00A0C91BC942}") = "Bài 101", "Bài 101\Bài 101.vcxproj", "{BEBDB50D-058D-4AE2-99B1-8383394A92F9}"
EndProject
Project("{8BC9CEB8-8B4A-11D0-8D11-00A0C91BC942}") = "Bài 102", "Bài 102\Bài 102.vcxproj", "{248CB3E5-6D0A-4439-AEEB-8729877E6B89}"
EndProject
Project("{8BC9CEB8-8B4A-11D0-8D11-00A0C91BC942}") = "Bài 103", "Bài 10\Bài 10.vcxproj", "{9BBCC7D6-1F81-4D47-9A15-9AB3838F0689}"
EndProject
Project("{8BC9CEB8-8B4A-11D0-8D11-00A0C91BC942}") = "Bài 104", "Bài 104\Bài 104.vcxproj", "{0FA9598A-F166-49B1-9962-C3C2E6A4D536}"
EndProject
Project("{8BC9CEB8-8B4A-11D0-8D11-00A0C91BC942}") = "Bài 105", "Bài 105\Bài 105.vcxproj", "{B3FB5E86-BA4E-49D9-B456-EEC722903D84}"
EndProject
Project("{8BC9CEB8-8B4A-11D0-8D11-00A0C91BC942}") = "Bài 106", "Bài 106\Bài 106.vcxproj", "{12E3A945-BB1A-47D3-9F38-EEAB3FFA29BF}"
EndProject
Project("{8BC9CEB8-8B4A-11D0-8D11-00A0C91BC942}") = "Bài 107", "Bài 107\Bài 107.vcxproj", "{C97FBD8D-0EC5-448E-97FE-C31687ACD28A}"
EndProject
Project("{8BC9CEB8-8B4A-11D0-8D11-00A0C91BC942}") = "Bài 108", "Bài 108\Bài 108.vcxproj", "{F9F4B501-F385-4111-8FAD-A19DF83696CD}"
EndProject
Project("{8BC9CEB8-8B4A-11D0-8D11-00A0C91BC942}") = "Bài 109", "Bài 109\Bài 109.vcxproj", "{89181AF8-DB3F-4976-9371-41FF3833E888}"
EndProject
Project("{8BC9CEB8-8B4A-11D0-8D11-00A0C91BC942}") = "Bài 110", "Bài 110\Bài 110.vcxproj", "{2E1FD8EB-B99D-4BBB-AA72-817EF5FB4C28}"
EndProject
Project("{8BC9CEB8-8B4A-11D0-8D11-00A0C91BC942}") = "Bài 111", "Bài 111\Bài 111.vcxproj", "{30986D84-53DE-4979-8B71-20655494ACD4}"
EndProject
Project("{8BC9CEB8-8B4A-11D0-8D11-00A0C91BC942}") = "Bài 112", "Bài 112\Bài 112.vcxproj", "{9ACC29AF-6DB7-4FFE-913B-1E67A3C6A8D0}"
EndProject
Project("{8BC9CEB8-8B4A-11D0-8D11-00A0C91BC942}") = "Bài 113", "Bài 113\Bài 113.vcxproj", "{7FFC44AE-13CF-46F9-AA07-1AC836CC9456}"
EndProject
Project("{8BC9CEB8-8B4A-11D0-8D11-00A0C91BC942}") = "Bài 114", "Bài 114\Bài 114.vcxproj", "{ED11755B-3BC0-4FE9-AAA9-A41BE61E065A}"
EndProject
Project("{8BC9CEB8-8B4A-11D0-8D11-00A0C91BC942}") = "Bài 115", "Bài 115\Bài 115.vcxproj", "{F5BE8375-F9E8-4715-BCE0-BA9EA52283E5}"
EndProject
Project("{8BC9CEB8-8B4A-11D0-8D11-00A0C91BC942}") = "Bài 116", "Bài 116\Bài 116.vcxproj", "{2FA8B6FD-36F7-403B-94BF-D519228D1456}"
EndProject
Project("{8BC9CEB8-8B4A-11D0-8D11-00A0C91BC942}") = "Bài 117", "Bài 117\Bài 117.vcxproj", "{645F7AB5-0D75-4CDF-9F24-A67CBC05EAB5}"
EndProject
Project("{8BC9CEB8-8B4A-11D0-8D11-00A0C91BC942}") = "Bài 118", "Bài 118\Bài 118.vcxproj", "{12683837-9CDE-412A-88FD-C094A3BBAF0E}"
EndProject
Project("{8BC9CEB8-8B4A-11D0-8D11-00A0C91BC942}") = "Bài 119", "Bài 119\Bài 119.vcxproj", "{0ADB6133-0F74-428D-A919-02557989105F}"
EndProject
Project("{8BC9CEB8-8B4A-11D0-8D11-00A0C91BC942}") = "Bài 120", "Bài 120\Bài 120.vcxproj", "{65664F85-2CF2-45C6-A9CE-5A3520684F15}"
EndProject
Project("{8BC9CEB8-8B4A-11D0-8D11-00A0C91BC942}") = "Bài 004", "Bài 004\Bài 004.vcxproj", "{EF616EF3-60F9-45EA-9433-C41369B8F56A}"
EndProject
Project("{8BC9CEB8-8B4A-11D0-8D11-00A0C91BC942}") = "Bài 005", "Bài 005\Bài 005.vcxproj", "{B94018B5-239D-4158-A203-70654BFB9A04}"
EndProject
Project("{8BC9CEB8-8B4A-11D0-8D11-00A0C91BC942}") = "Bài 006", "Bài 006\Bài 006.vcxproj", "{188F593C-ABFF-41E5-AA9E-EA97E92949CC}"
EndProject
Project("{8BC9CEB8-8B4A-11D0-8D11-00A0C91BC942}") = "Bài 007", "Bài 007\Bài 007.vcxproj", "{155801ED-5DA4-485E-9526-10772A7B3AD5}"
EndProject
Project("{8BC9CEB8-8B4A-11D0-8D11-00A0C91BC942}") = "Bài 008", "Bài 008\Bài 008.vcxproj", "{FCCFE078-B649-47DA-B8E4-08F0B76FA7E5}"
EndProject
Project("{8BC9CEB8-8B4A-11D0-8D11-00A0C91BC942}") = "Bài 009", "Bài 009\Bài 009.vcxproj", "{708B2CFD-5EEE-4069-B517-C0C54E9EEDFF}"
EndProject
Project("{8BC9CEB8-8B4A-11D0-8D11-00A0C91BC942}") = "Bài 010", "Bài 010\Bài 010.vcxproj", "{AA49F4E4-83F4-461F-B72D-21D985B20EC4}"
EndProject
Project("{8BC9CEB8-8B4A-11D0-8D11-00A0C91BC942}") = "Bài 011", "Bài 011\Bài 011.vcxproj", "{3DDAE51A-3ED4-4493-93D3-9C5B47B9DCE1}"
EndProject
Project("{8BC9CEB8-8B4A-11D0-8D11-00A0C91BC942}") = "Bài 012", "Bài 012\Bài 012.vcxproj", "{C2372A44-D559-4A4D-9E91-BB62F47B850E}"
EndProject
Project("{8BC9CEB8-8B4A-11D0-8D11-00A0C91BC942}") = "Bài 013", "Bài 013\Bài 013.vcxproj", "{46DDDE37-BDC7-4F3D-90EF-4EBB6E27D456}"
EndProject
Project("{8BC9CEB8-8B4A-11D0-8D11-00A0C91BC942}") = "Bài 014", "Bài 014\Bài 014.vcxproj", "{978E37CB-287A-49B8-8AE8-AA247035CF34}"
EndProject
Project("{8BC9CEB8-8B4A-11D0-8D11-00A0C91BC942}") = "Bài 015", "Bài 015\Bài 015.vcxproj", "{4AA30383-2B05-40B4-869C-50A884DAA65E}"
EndProject
Project("{8BC9CEB8-8B4A-11D0-8D11-00A0C91BC942}") = "Bài 016", "Bài 016\Bài 016.vcxproj", "{8CA06577-73D6-4C7A-A036-1442C2CACE11}"
EndProject
Project("{8BC9CEB8-8B4A-11D0-8D11-00A0C91BC942}") = "Bài 017", "Bài 017\Bài 017.vcxproj", "{D1BB076C-5038-4844-B3E7-3011DE9F6FED}"
EndProject
Project("{8BC9CEB8-8B4A-11D0-8D11-00A0C91BC942}") = "Bài 018", "Bài 018\Bài 018.vcxproj", "{7B9A0FD2-04B6-4920-97FE-40F8483C306A}"
EndProject
Project("{8BC9CEB8-8B4A-11D0-8D11-00A0C91BC942}") = "Bài 019", "Bài 019\Bài 019.vcxproj", "{AAEFB630-041E-46EB-A734-33903AB30453}"
EndProject
Project("{8BC9CEB8-8B4A-11D0-8D11-00A0C91BC942}") = "Bài 020", "Bài 020\Bài 020.vcxproj", "{108FAC16-EE73-4D6E-805D-A6099C4BE383}"
EndProject
Project("{8BC9CEB8-8B4A-11D0-8D11-00A0C91BC942}") = "Bài 021", "Bài 021\Bài 021.vcxproj", "{19684DBD-90B9-4A47-90A2-CDA6A83366E8}"
EndProject
Project("{8BC9CEB8-8B4A-11D0-8D11-00A0C91BC942}") = "Bài 022", "Bài 022\Bài 022.vcxproj", "{2153C387-9147-4B7D-B5D8-39F4C1E9FD32}"
EndProject
Project("{8BC9CEB8-8B4A-11D0-8D11-00A0C91BC942}") = "Bài 023", "Bài 023\Bài 023.vcxproj", "{38E3E2E7-B87B-4787-89C1-24CB6E449B44}"
EndProject
Project("{8BC9CEB8-8B4A-11D0-8D11-00A0C91BC942}") = "Bài 024", "Bài 024\Bài 024.vcxproj", "{8D8D1490-2928-4ACF-ABA0-2EA019949148}"
EndProject
Project("{8BC9CEB8-8B4A-11D0-8D11-00A0C91BC942}") = "Bài 025", "Bài 025\Bài 025.vcxproj", "{59AA5659-F54D-4E1F-ACBA-047B4CF4E6A1}"
EndProject
Project("{8BC9CEB8-8B4A-11D0-8D11-00A0C91BC942}") = "Bài 026", "Bài 026\Bài 026.vcxproj", "{D7AE9EE9-38BA-4C63-8B53-CC1B59185DBD}"
EndProject
Project("{8BC9CEB8-8B4A-11D0-8D11-00A0C91BC942}") = "Bài 027", "Bài 027\Bài 027.vcxproj", "{5CD01D1F-725E-494A-9B35-99944C685100}"
EndProject
Project("{8BC9CEB8-8B4A-11D0-8D11-00A0C91BC942}") = "Bài 028", "Bài 028\Bài 028.vcxproj", "{A01FC4A4-A974-4450-987B-A7BF0ACEC978}"
EndProject
Project("{8BC9CEB8-8B4A-11D0-8D11-00A0C91BC942}") = "Bài 029", "Bài 029\Bài 029.vcxproj", "{80AB1365-3026-410F-89AB-4A6CF6C9D0C8}"
EndProject
Project("{8BC9CEB8-8B4A-11D0-8D11-00A0C91BC942}") = "Bài 030", "Bài 030\Bài 030.vcxproj", "{A543B58C-A762-483D-92BC-10D5B274FC31}"
EndProject
Project("{8BC9CEB8-8B4A-11D0-8D11-00A0C91BC942}") = "Bài 031", "Bài 031\Bài 031.vcxproj", "{9408BF43-F02B-446C-9A1A-9346DD3DF87E}"
EndProject
Project("{8BC9CEB8-8B4A-11D0-8D11-00A0C91BC942}") = "Bài 032", "Bài 032\Bài 032.vcxproj", "{6E944C1B-C0A7-4E61-B9F9-05D56598C66B}"
EndProject
Project("{8BC9CEB8-8B4A-11D0-8D11-00A0C91BC942}") = "Bài 033", "Bài 033\Bài 033.vcxproj", "{6AB34F7F-C9BC-4DBD-8AC4-5B47EC13012E}"
EndProject
Project("{8BC9CEB8-8B4A-11D0-8D11-00A0C91BC942}") = "Bài 034", "Bài 034\Bài 034.vcxproj", "{361F7DCD-FF7B-4F46-A2D7-A8719A376167}"
EndProject
Project("{8BC9CEB8-8B4A-11D0-8D11-00A0C91BC942}") = "Bài 035", "Bài 035\Bài 035.vcxproj", "{413D3E74-4C8D-4BAC-86AC-C8A2B64C46C3}"
EndProject
Project("{8BC9CEB8-8B4A-11D0-8D11-00A0C91BC942}") = "Bài 036", "Bài 036\Bài 036.vcxproj", "{DC926A77-4AAF-4BA7-A9C0-0E22BF47D016}"
EndProject
Project("{8BC9CEB8-8B4A-11D0-8D11-00A0C91BC942}") = "Bài 037", "Bài 037\Bài 037.vcxproj", "{5B1AD28A-97DA-42DA-B406-D9D3B5FA0632}"
EndProject
Project("{8BC9CEB8-8B4A-11D0-8D11-00A0C91BC942}") = "Bài 038", "Bài 038\Bài 038.vcxproj", "{977AF61A-8C98-488C-AB03-1193E82BC560}"
EndProject
Project("{8BC9CEB8-8B4A-11D0-8D11-00A0C91BC942}") = "Bài 039", "Bài 039\Bài 039.vcxproj", "{43A5B1C9-7F65-437A-859C-77FF38C30709}"
EndProject
Project("{8BC9CEB8-8B4A-11D0-8D11-00A0C91BC942}") = "Bài 040", "Bài 040\Bài 040.vcxproj", "{EC91C408-097D-446E-9FE4-13144FDB232A}"
EndProject
Project("{8BC9CEB8-8B4A-11D0-8D11-00A0C91BC942}") = "Bài 041", "Bài 041\Bài 041.vcxproj", "{E80E1721-D796-480D-A956-6F27EC41FF3A}"
EndProject
Project("{8BC9CEB8-8B4A-11D0-8D11-00A0C91BC942}") = "Bài 042", "Bài 042\Bài 042.vcxproj", "{7B359A3A-66D0-412C-A917-DE285CBC7100}"
EndProject
Project("{8BC9CEB8-8B4A-11D0-8D11-00A0C91BC942}") = "Bài 043", "Bài 043\Bài 043.vcxproj", "{7620C04A-7D96-4423-B51C-ECA2FEE703D3}"
EndProject
Project("{8BC9CEB8-8B4A-11D0-8D11-00A0C91BC942}") = "Bài 044", "Bài 044\Bài 044.vcxproj", "{C39ECC1B-42BC-4AC6-846F-EABDA551BDAF}"
EndProject
Project("{8BC9CEB8-8B4A-11D0-8D11-00A0C91BC942}") = "Bài 045", "Bài 045\Bài 045.vcxproj", "{779CF247-2C30-4F00-A7CE-A2FA20F00ACE}"
EndProject
Project("{8BC9CEB8-8B4A-11D0-8D11-00A0C91BC942}") = "Bài 046", "Bài 046\Bài 046.vcxproj", "{317B6C07-49BC-4029-A732-1996ADC9BEF0}"
EndProject
Project("{8BC9CEB8-8B4A-11D0-8D11-00A0C91BC942}") = "Bài 047", "Bài 047\Bài 047.vcxproj", "{B9E49488-C456-4543-9C69-3A1D69EF01A8}"
EndProject
Project("{8BC9CEB8-8B4A-11D0-8D11-00A0C91BC942}") = "Bài 048", "Bài 048\Bài 048.vcxproj", "{5B39FD51-7F22-4157-83EE-19A5E9CF3660}"
EndProject
Project("{8BC9CEB8-8B4A-11D0-8D11-00A0C91BC942}") = "Bài 049", "Bài 049\Bài 049.vcxproj", "{0783B184-4540-49CA-9F53-4B1527EDCB9E}"
EndProject
Project("{8BC9CEB8-8B4A-11D0-8D11-00A0C91BC942}") = "Bài 050", "Bài 050\Bài 050.vcxproj", "{A2687FD0-D318-46A2-828A-D9A8EFA5799E}"
EndProject
Project("{8BC9CEB8-8B4A-11D0-8D11-00A0C91BC942}") = "Bài 051", "Bài 051\Bài 051.vcxproj", "{A05F2AD2-4F43-496A-BB16-E3D152AB6A26}"
EndProject
Global
	GlobalSection(SolutionConfigurationPlatforms) = preSolution
		Debug|x64 = Debug|x64
		Debug|x86 = Debug|x86
		Release|x64 = Release|x64
		Release|x86 = Release|x86
	EndGlobalSection
	GlobalSection(ProjectConfigurationPlatforms) = postSolution
		{76D93F9D-97FE-4939-B0FC-4A4C69D62D91}.Debug|x64.ActiveCfg = Debug|x64
		{76D93F9D-97FE-4939-B0FC-4A4C69D62D91}.Debug|x64.Build.0 = Debug|x64
		{76D93F9D-97FE-4939-B0FC-4A4C69D62D91}.Debug|x86.ActiveCfg = Debug|Win32
		{76D93F9D-97FE-4939-B0FC-4A4C69D62D91}.Debug|x86.Build.0 = Debug|Win32
		{76D93F9D-97FE-4939-B0FC-4A4C69D62D91}.Release|x64.ActiveCfg = Release|x64
		{76D93F9D-97FE-4939-B0FC-4A4C69D62D91}.Release|x64.Build.0 = Release|x64
		{76D93F9D-97FE-4939-B0FC-4A4C69D62D91}.Release|x86.ActiveCfg = Release|Win32
		{76D93F9D-97FE-4939-B0FC-4A4C69D62D91}.Release|x86.Build.0 = Release|Win32
		{BFB7A10B-A216-4DBA-996A-D40C5021526A}.Debug|x64.ActiveCfg = Debug|x64
		{BFB7A10B-A216-4DBA-996A-D40C5021526A}.Debug|x64.Build.0 = Debug|x64
		{BFB7A10B-A216-4DBA-996A-D40C5021526A}.Debug|x86.ActiveCfg = Debug|Win32
		{BFB7A10B-A216-4DBA-996A-D40C5021526A}.Debug|x86.Build.0 = Debug|Win32
		{BFB7A10B-A216-4DBA-996A-D40C5021526A}.Release|x64.ActiveCfg = Release|x64
		{BFB7A10B-A216-4DBA-996A-D40C5021526A}.Release|x64.Build.0 = Release|x64
		{BFB7A10B-A216-4DBA-996A-D40C5021526A}.Release|x86.ActiveCfg = Release|Win32
		{BFB7A10B-A216-4DBA-996A-D40C5021526A}.Release|x86.Build.0 = Release|Win32
		{6BCAE6B2-FF69-46D8-9F45-69E776C3A3A6}.Debug|x64.ActiveCfg = Debug|x64
		{6BCAE6B2-FF69-46D8-9F45-69E776C3A3A6}.Debug|x64.Build.0 = Debug|x64
		{6BCAE6B2-FF69-46D8-9F45-69E776C3A3A6}.Debug|x86.ActiveCfg = Debug|Win32
		{6BCAE6B2-FF69-46D8-9F45-69E776C3A3A6}.Debug|x86.Build.0 = Debug|Win32
		{6BCAE6B2-FF69-46D8-9F45-69E776C3A3A6}.Release|x64.ActiveCfg = Release|x64
		{6BCAE6B2-FF69-46D8-9F45-69E776C3A3A6}.Release|x64.Build.0 = Release|x64
		{6BCAE6B2-FF69-46D8-9F45-69E776C3A3A6}.Release|x86.ActiveCfg = Release|Win32
		{6BCAE6B2-FF69-46D8-9F45-69E776C3A3A6}.Release|x86.Build.0 = Release|Win32
		{9989CA22-8CD9-42F2-8FE1-EA75D79F2852}.Debug|x64.ActiveCfg = Debug|x64
		{9989CA22-8CD9-42F2-8FE1-EA75D79F2852}.Debug|x64.Build.0 = Debug|x64
		{9989CA22-8CD9-42F2-8FE1-EA75D79F2852}.Debug|x86.ActiveCfg = Debug|Win32
		{9989CA22-8CD9-42F2-8FE1-EA75D79F2852}.Debug|x86.Build.0 = Debug|Win32
		{9989CA22-8CD9-42F2-8FE1-EA75D79F2852}.Release|x64.ActiveCfg = Release|x64
		{9989CA22-8CD9-42F2-8FE1-EA75D79F2852}.Release|x64.Build.0 = Release|x64
		{9989CA22-8CD9-42F2-8FE1-EA75D79F2852}.Release|x86.ActiveCfg = Release|Win32
		{9989CA22-8CD9-42F2-8FE1-EA75D79F2852}.Release|x86.Build.0 = Release|Win32
		{6A928C96-BD96-4CEC-BE40-2203ED807CC1}.Debug|x64.ActiveCfg = Debug|x64
		{6A928C96-BD96-4CEC-BE40-2203ED807CC1}.Debug|x64.Build.0 = Debug|x64
		{6A928C96-BD96-4CEC-BE40-2203ED807CC1}.Debug|x86.ActiveCfg = Debug|Win32
		{6A928C96-BD96-4CEC-BE40-2203ED807CC1}.Debug|x86.Build.0 = Debug|Win32
		{6A928C96-BD96-4CEC-BE40-2203ED807CC1}.Release|x64.ActiveCfg = Release|x64
		{6A928C96-BD96-4CEC-BE40-2203ED807CC1}.Release|x64.Build.0 = Release|x64
		{6A928C96-BD96-4CEC-BE40-2203ED807CC1}.Release|x86.ActiveCfg = Release|Win32
		{6A928C96-BD96-4CEC-BE40-2203ED807CC1}.Release|x86.Build.0 = Release|Win32
		{DE56DCC4-0651-43CF-97C6-53D5D54FF190}.Debug|x64.ActiveCfg = Debug|x64
		{DE56DCC4-0651-43CF-97C6-53D5D54FF190}.Debug|x64.Build.0 = Debug|x64
		{DE56DCC4-0651-43CF-97C6-53D5D54FF190}.Debug|x86.ActiveCfg = Debug|Win32
		{DE56DCC4-0651-43CF-97C6-53D5D54FF190}.Debug|x86.Build.0 = Debug|Win32
		{DE56DCC4-0651-43CF-97C6-53D5D54FF190}.Release|x64.ActiveCfg = Release|x64
		{DE56DCC4-0651-43CF-97C6-53D5D54FF190}.Release|x64.Build.0 = Release|x64
		{DE56DCC4-0651-43CF-97C6-53D5D54FF190}.Release|x86.ActiveCfg = Release|Win32
		{DE56DCC4-0651-43CF-97C6-53D5D54FF190}.Release|x86.Build.0 = Release|Win32
		{6B95B014-1655-46D5-A1C6-1C1E23295513}.Debug|x64.ActiveCfg = Debug|x64
		{6B95B014-1655-46D5-A1C6-1C1E23295513}.Debug|x64.Build.0 = Debug|x64
		{6B95B014-1655-46D5-A1C6-1C1E23295513}.Debug|x86.ActiveCfg = Debug|Win32
		{6B95B014-1655-46D5-A1C6-1C1E23295513}.Debug|x86.Build.0 = Debug|Win32
		{6B95B014-1655-46D5-A1C6-1C1E23295513}.Release|x64.ActiveCfg = Release|x64
		{6B95B014-1655-46D5-A1C6-1C1E23295513}.Release|x64.Build.0 = Release|x64
		{6B95B014-1655-46D5-A1C6-1C1E23295513}.Release|x86.ActiveCfg = Release|Win32
		{6B95B014-1655-46D5-A1C6-1C1E23295513}.Release|x86.Build.0 = Release|Win32
		{C2CF0CE7-D9DE-4AFA-979B-C49C62AECA70}.Debug|x64.ActiveCfg = Debug|x64
		{C2CF0CE7-D9DE-4AFA-979B-C49C62AECA70}.Debug|x64.Build.0 = Debug|x64
		{C2CF0CE7-D9DE-4AFA-979B-C49C62AECA70}.Debug|x86.ActiveCfg = Debug|Win32
		{C2CF0CE7-D9DE-4AFA-979B-C49C62AECA70}.Debug|x86.Build.0 = Debug|Win32
		{C2CF0CE7-D9DE-4AFA-979B-C49C62AECA70}.Release|x64.ActiveCfg = Release|x64
		{C2CF0CE7-D9DE-4AFA-979B-C49C62AECA70}.Release|x64.Build.0 = Release|x64
		{C2CF0CE7-D9DE-4AFA-979B-C49C62AECA70}.Release|x86.ActiveCfg = Release|Win32
		{C2CF0CE7-D9DE-4AFA-979B-C49C62AECA70}.Release|x86.Build.0 = Release|Win32
		{0DB11AA4-D98F-45B0-AC93-0B36C56C6D5F}.Debug|x64.ActiveCfg = Debug|x64
		{0DB11AA4-D98F-45B0-AC93-0B36C56C6D5F}.Debug|x64.Build.0 = Debug|x64
		{0DB11AA4-D98F-45B0-AC93-0B36C56C6D5F}.Debug|x86.ActiveCfg = Debug|Win32
		{0DB11AA4-D98F-45B0-AC93-0B36C56C6D5F}.Debug|x86.Build.0 = Debug|Win32
		{0DB11AA4-D98F-45B0-AC93-0B36C56C6D5F}.Release|x64.ActiveCfg = Release|x64
		{0DB11AA4-D98F-45B0-AC93-0B36C56C6D5F}.Release|x64.Build.0 = Release|x64
		{0DB11AA4-D98F-45B0-AC93-0B36C56C6D5F}.Release|x86.ActiveCfg = Release|Win32
		{0DB11AA4-D98F-45B0-AC93-0B36C56C6D5F}.Release|x86.Build.0 = Release|Win32
		{C83923CC-89C1-49E4-8B67-B9C6AEBACB6E}.Debug|x64.ActiveCfg = Debug|x64
		{C83923CC-89C1-49E4-8B67-B9C6AEBACB6E}.Debug|x64.Build.0 = Debug|x64
		{C83923CC-89C1-49E4-8B67-B9C6AEBACB6E}.Debug|x86.ActiveCfg = Debug|Win32
		{C83923CC-89C1-49E4-8B67-B9C6AEBACB6E}.Debug|x86.Build.0 = Debug|Win32
		{C83923CC-89C1-49E4-8B67-B9C6AEBACB6E}.Release|x64.ActiveCfg = Release|x64
		{C83923CC-89C1-49E4-8B67-B9C6AEBACB6E}.Release|x64.Build.0 = Release|x64
		{C83923CC-89C1-49E4-8B67-B9C6AEBACB6E}.Release|x86.ActiveCfg = Release|Win32
		{C83923CC-89C1-49E4-8B67-B9C6AEBACB6E}.Release|x86.Build.0 = Release|Win32
		{A411465C-0176-41CA-B258-E407DB2D6486}.Debug|x64.ActiveCfg = Debug|x64
		{A411465C-0176-41CA-B258-E407DB2D6486}.Debug|x64.Build.0 = Debug|x64
		{A411465C-0176-41CA-B258-E407DB2D6486}.Debug|x86.ActiveCfg = Debug|Win32
		{A411465C-0176-41CA-B258-E407DB2D6486}.Debug|x86.Build.0 = Debug|Win32
		{A411465C-0176-41CA-B258-E407DB2D6486}.Release|x64.ActiveCfg = Release|x64
		{A411465C-0176-41CA-B258-E407DB2D6486}.Release|x64.Build.0 = Release|x64
		{A411465C-0176-41CA-B258-E407DB2D6486}.Release|x86.ActiveCfg = Release|Win32
		{A411465C-0176-41CA-B258-E407DB2D6486}.Release|x86.Build.0 = Release|Win32
		{404E0F09-6059-4D3C-A0EA-1776BFD9E794}.Debug|x64.ActiveCfg = Debug|x64
		{404E0F09-6059-4D3C-A0EA-1776BFD9E794}.Debug|x64.Build.0 = Debug|x64
		{404E0F09-6059-4D3C-A0EA-1776BFD9E794}.Debug|x86.ActiveCfg = Debug|Win32
		{404E0F09-6059-4D3C-A0EA-1776BFD9E794}.Debug|x86.Build.0 = Debug|Win32
		{404E0F09-6059-4D3C-A0EA-1776BFD9E794}.Release|x64.ActiveCfg = Release|x64
		{404E0F09-6059-4D3C-A0EA-1776BFD9E794}.Release|x64.Build.0 = Release|x64
		{404E0F09-6059-4D3C-A0EA-1776BFD9E794}.Release|x86.ActiveCfg = Release|Win32
		{404E0F09-6059-4D3C-A0EA-1776BFD9E794}.Release|x86.Build.0 = Release|Win32
		{8C8C8FD9-4AF1-4B13-890B-55841EBD89B6}.Debug|x64.ActiveCfg = Debug|x64
		{8C8C8FD9-4AF1-4B13-890B-55841EBD89B6}.Debug|x64.Build.0 = Debug|x64
		{8C8C8FD9-4AF1-4B13-890B-55841EBD89B6}.Debug|x86.ActiveCfg = Debug|Win32
		{8C8C8FD9-4AF1-4B13-890B-55841EBD89B6}.Debug|x86.Build.0 = Debug|Win32
		{8C8C8FD9-4AF1-4B13-890B-55841EBD89B6}.Release|x64.ActiveCfg = Release|x64
		{8C8C8FD9-4AF1-4B13-890B-55841EBD89B6}.Release|x64.Build.0 = Release|x64
		{8C8C8FD9-4AF1-4B13-890B-55841EBD89B6}.Release|x86.ActiveCfg = Release|Win32
		{8C8C8FD9-4AF1-4B13-890B-55841EBD89B6}.Release|x86.Build.0 = Release|Win32
		{6ED5400C-BFBB-49B4-B4FE-8B44CEB94800}.Debug|x64.ActiveCfg = Debug|x64
		{6ED5400C-BFBB-49B4-B4FE-8B44CEB94800}.Debug|x64.Build.0 = Debug|x64
		{6ED5400C-BFBB-49B4-B4FE-8B44CEB94800}.Debug|x86.ActiveCfg = Debug|Win32
		{6ED5400C-BFBB-49B4-B4FE-8B44CEB94800}.Debug|x86.Build.0 = Debug|Win32
		{6ED5400C-BFBB-49B4-B4FE-8B44CEB94800}.Release|x64.ActiveCfg = Release|x64
		{6ED5400C-BFBB-49B4-B4FE-8B44CEB94800}.Release|x64.Build.0 = Release|x64
		{6ED5400C-BFBB-49B4-B4FE-8B44CEB94800}.Release|x86.ActiveCfg = Release|Win32
		{6ED5400C-BFBB-49B4-B4FE-8B44CEB94800}.Release|x86.Build.0 = Release|Win32
		{BEBDB50D-058D-4AE2-99B1-8383394A92F9}.Debug|x64.ActiveCfg = Debug|x64
		{BEBDB50D-058D-4AE2-99B1-8383394A92F9}.Debug|x64.Build.0 = Debug|x64
		{BEBDB50D-058D-4AE2-99B1-8383394A92F9}.Debug|x86.ActiveCfg = Debug|Win32
		{BEBDB50D-058D-4AE2-99B1-8383394A92F9}.Debug|x86.Build.0 = Debug|Win32
		{BEBDB50D-058D-4AE2-99B1-8383394A92F9}.Release|x64.ActiveCfg = Release|x64
		{BEBDB50D-058D-4AE2-99B1-8383394A92F9}.Release|x64.Build.0 = Release|x64
		{BEBDB50D-058D-4AE2-99B1-8383394A92F9}.Release|x86.ActiveCfg = Release|Win32
		{BEBDB50D-058D-4AE2-99B1-8383394A92F9}.Release|x86.Build.0 = Release|Win32
		{248CB3E5-6D0A-4439-AEEB-8729877E6B89}.Debug|x64.ActiveCfg = Debug|x64
		{248CB3E5-6D0A-4439-AEEB-8729877E6B89}.Debug|x64.Build.0 = Debug|x64
		{248CB3E5-6D0A-4439-AEEB-8729877E6B89}.Debug|x86.ActiveCfg = Debug|Win32
		{248CB3E5-6D0A-4439-AEEB-8729877E6B89}.Debug|x86.Build.0 = Debug|Win32
		{248CB3E5-6D0A-4439-AEEB-8729877E6B89}.Release|x64.ActiveCfg = Release|x64
		{248CB3E5-6D0A-4439-AEEB-8729877E6B89}.Release|x64.Build.0 = Release|x64
		{248CB3E5-6D0A-4439-AEEB-8729877E6B89}.Release|x86.ActiveCfg = Release|Win32
		{248CB3E5-6D0A-4439-AEEB-8729877E6B89}.Release|x86.Build.0 = Release|Win32
		{9BBCC7D6-1F81-4D47-9A15-9AB3838F0689}.Debug|x64.ActiveCfg = Debug|x64
		{9BBCC7D6-1F81-4D47-9A15-9AB3838F0689}.Debug|x64.Build.0 = Debug|x64
		{9BBCC7D6-1F81-4D47-9A15-9AB3838F0689}.Debug|x86.ActiveCfg = Debug|Win32
		{9BBCC7D6-1F81-4D47-9A15-9AB3838F0689}.Debug|x86.Build.0 = Debug|Win32
		{9BBCC7D6-1F81-4D47-9A15-9AB3838F0689}.Release|x64.ActiveCfg = Release|x64
		{9BBCC7D6-1F81-4D47-9A15-9AB3838F0689}.Release|x64.Build.0 = Release|x64
		{9BBCC7D6-1F81-4D47-9A15-9AB3838F0689}.Release|x86.ActiveCfg = Release|Win32
		{9BBCC7D6-1F81-4D47-9A15-9AB3838F0689}.Release|x86.Build.0 = Release|Win32
		{0FA9598A-F166-49B1-9962-C3C2E6A4D536}.Debug|x64.ActiveCfg = Debug|x64
		{0FA9598A-F166-49B1-9962-C3C2E6A4D536}.Debug|x64.Build.0 = Debug|x64
		{0FA9598A-F166-49B1-9962-C3C2E6A4D536}.Debug|x86.ActiveCfg = Debug|Win32
		{0FA9598A-F166-49B1-9962-C3C2E6A4D536}.Debug|x86.Build.0 = Debug|Win32
		{0FA9598A-F166-49B1-9962-C3C2E6A4D536}.Release|x64.ActiveCfg = Release|x64
		{0FA9598A-F166-49B1-9962-C3C2E6A4D536}.Release|x64.Build.0 = Release|x64
		{0FA9598A-F166-49B1-9962-C3C2E6A4D536}.Release|x86.ActiveCfg = Release|Win32
		{0FA9598A-F166-49B1-9962-C3C2E6A4D536}.Release|x86.Build.0 = Release|Win32
		{B3FB5E86-BA4E-49D9-B456-EEC722903D84}.Debug|x64.ActiveCfg = Debug|x64
		{B3FB5E86-BA4E-49D9-B456-EEC722903D84}.Debug|x64.Build.0 = Debug|x64
		{B3FB5E86-BA4E-49D9-B456-EEC722903D84}.Debug|x86.ActiveCfg = Debug|Win32
		{B3FB5E86-BA4E-49D9-B456-EEC722903D84}.Debug|x86.Build.0 = Debug|Win32
		{B3FB5E86-BA4E-49D9-B456-EEC722903D84}.Release|x64.ActiveCfg = Release|x64
		{B3FB5E86-BA4E-49D9-B456-EEC722903D84}.Release|x64.Build.0 = Release|x64
		{B3FB5E86-BA4E-49D9-B456-EEC722903D84}.Release|x86.ActiveCfg = Release|Win32
		{B3FB5E86-BA4E-49D9-B456-EEC722903D84}.Release|x86.Build.0 = Release|Win32
		{12E3A945-BB1A-47D3-9F38-EEAB3FFA29BF}.Debug|x64.ActiveCfg = Debug|x64
		{12E3A945-BB1A-47D3-9F38-EEAB3FFA29BF}.Debug|x64.Build.0 = Debug|x64
		{12E3A945-BB1A-47D3-9F38-EEAB3FFA29BF}.Debug|x86.ActiveCfg = Debug|Win32
		{12E3A945-BB1A-47D3-9F38-EEAB3FFA29BF}.Debug|x86.Build.0 = Debug|Win32
		{12E3A945-BB1A-47D3-9F38-EEAB3FFA29BF}.Release|x64.ActiveCfg = Release|x64
		{12E3A945-BB1A-47D3-9F38-EEAB3FFA29BF}.Release|x64.Build.0 = Release|x64
		{12E3A945-BB1A-47D3-9F38-EEAB3FFA29BF}.Release|x86.ActiveCfg = Release|Win32
		{12E3A945-BB1A-47D3-9F38-EEAB3FFA29BF}.Release|x86.Build.0 = Release|Win32
		{C97FBD8D-0EC5-448E-97FE-C31687ACD28A}.Debug|x64.ActiveCfg = Debug|x64
		{C97FBD8D-0EC5-448E-97FE-C31687ACD28A}.Debug|x64.Build.0 = Debug|x64
		{C97FBD8D-0EC5-448E-97FE-C31687ACD28A}.Debug|x86.ActiveCfg = Debug|Win32
		{C97FBD8D-0EC5-448E-97FE-C31687ACD28A}.Debug|x86.Build.0 = Debug|Win32
		{C97FBD8D-0EC5-448E-97FE-C31687ACD28A}.Release|x64.ActiveCfg = Release|x64
		{C97FBD8D-0EC5-448E-97FE-C31687ACD28A}.Release|x64.Build.0 = Release|x64
		{C97FBD8D-0EC5-448E-97FE-C31687ACD28A}.Release|x86.ActiveCfg = Release|Win32
		{C97FBD8D-0EC5-448E-97FE-C31687ACD28A}.Release|x86.Build.0 = Release|Win32
		{F9F4B501-F385-4111-8FAD-A19DF83696CD}.Debug|x64.ActiveCfg = Debug|x64
		{F9F4B501-F385-4111-8FAD-A19DF83696CD}.Debug|x64.Build.0 = Debug|x64
		{F9F4B501-F385-4111-8FAD-A19DF83696CD}.Debug|x86.ActiveCfg = Debug|Win32
		{F9F4B501-F385-4111-8FAD-A19DF83696CD}.Debug|x86.Build.0 = Debug|Win32
		{F9F4B501-F385-4111-8FAD-A19DF83696CD}.Release|x64.ActiveCfg = Release|x64
		{F9F4B501-F385-4111-8FAD-A19DF83696CD}.Release|x64.Build.0 = Release|x64
		{F9F4B501-F385-4111-8FAD-A19DF83696CD}.Release|x86.ActiveCfg = Release|Win32
		{F9F4B501-F385-4111-8FAD-A19DF83696CD}.Release|x86.Build.0 = Release|Win32
		{89181AF8-DB3F-4976-9371-41FF3833E888}.Debug|x64.ActiveCfg = Debug|x64
		{89181AF8-DB3F-4976-9371-41FF3833E888}.Debug|x64.Build.0 = Debug|x64
		{89181AF8-DB3F-4976-9371-41FF3833E888}.Debug|x86.ActiveCfg = Debug|Win32
		{89181AF8-DB3F-4976-9371-41FF3833E888}.Debug|x86.Build.0 = Debug|Win32
		{89181AF8-DB3F-4976-9371-41FF3833E888}.Release|x64.ActiveCfg = Release|x64
		{89181AF8-DB3F-4976-9371-41FF3833E888}.Release|x64.Build.0 = Release|x64
		{89181AF8-DB3F-4976-9371-41FF3833E888}.Release|x86.ActiveCfg = Release|Win32
		{89181AF8-DB3F-4976-9371-41FF3833E888}.Release|x86.Build.0 = Release|Win32
		{2E1FD8EB-B99D-4BBB-AA72-817EF5FB4C28}.Debug|x64.ActiveCfg = Debug|x64
		{2E1FD8EB-B99D-4BBB-AA72-817EF5FB4C28}.Debug|x64.Build.0 = Debug|x64
		{2E1FD8EB-B99D-4BBB-AA72-817EF5FB4C28}.Debug|x86.ActiveCfg = Debug|Win32
		{2E1FD8EB-B99D-4BBB-AA72-817EF5FB4C28}.Debug|x86.Build.0 = Debug|Win32
		{2E1FD8EB-B99D-4BBB-AA72-817EF5FB4C28}.Release|x64.ActiveCfg = Release|x64
		{2E1FD8EB-B99D-4BBB-AA72-817EF5FB4C28}.Release|x64.Build.0 = Release|x64
		{2E1FD8EB-B99D-4BBB-AA72-817EF5FB4C28}.Release|x86.ActiveCfg = Release|Win32
		{2E1FD8EB-B99D-4BBB-AA72-817EF5FB4C28}.Release|x86.Build.0 = Release|Win32
		{30986D84-53DE-4979-8B71-20655494ACD4}.Debug|x64.ActiveCfg = Debug|x64
		{30986D84-53DE-4979-8B71-20655494ACD4}.Debug|x64.Build.0 = Debug|x64
		{30986D84-53DE-4979-8B71-20655494ACD4}.Debug|x86.ActiveCfg = Debug|Win32
		{30986D84-53DE-4979-8B71-20655494ACD4}.Debug|x86.Build.0 = Debug|Win32
		{30986D84-53DE-4979-8B71-20655494ACD4}.Release|x64.ActiveCfg = Release|x64
		{30986D84-53DE-4979-8B71-20655494ACD4}.Release|x64.Build.0 = Release|x64
		{30986D84-53DE-4979-8B71-20655494ACD4}.Release|x86.ActiveCfg = Release|Win32
		{30986D84-53DE-4979-8B71-20655494ACD4}.Release|x86.Build.0 = Release|Win32
		{9ACC29AF-6DB7-4FFE-913B-1E67A3C6A8D0}.Debug|x64.ActiveCfg = Debug|x64
		{9ACC29AF-6DB7-4FFE-913B-1E67A3C6A8D0}.Debug|x64.Build.0 = Debug|x64
		{9ACC29AF-6DB7-4FFE-913B-1E67A3C6A8D0}.Debug|x86.ActiveCfg = Debug|Win32
		{9ACC29AF-6DB7-4FFE-913B-1E67A3C6A8D0}.Debug|x86.Build.0 = Debug|Win32
		{9ACC29AF-6DB7-4FFE-913B-1E67A3C6A8D0}.Release|x64.ActiveCfg = Release|x64
		{9ACC29AF-6DB7-4FFE-913B-1E67A3C6A8D0}.Release|x64.Build.0 = Release|x64
		{9ACC29AF-6DB7-4FFE-913B-1E67A3C6A8D0}.Release|x86.ActiveCfg = Release|Win32
		{9ACC29AF-6DB7-4FFE-913B-1E67A3C6A8D0}.Release|x86.Build.0 = Release|Win32
		{7FFC44AE-13CF-46F9-AA07-1AC836CC9456}.Debug|x64.ActiveCfg = Debug|x64
		{7FFC44AE-13CF-46F9-AA07-1AC836CC9456}.Debug|x64.Build.0 = Debug|x64
		{7FFC44AE-13CF-46F9-AA07-1AC836CC9456}.Debug|x86.ActiveCfg = Debug|Win32
		{7FFC44AE-13CF-46F9-AA07-1AC836CC9456}.Debug|x86.Build.0 = Debug|Win32
		{7FFC44AE-13CF-46F9-AA07-1AC836CC9456}.Release|x64.ActiveCfg = Release|x64
		{7FFC44AE-13CF-46F9-AA07-1AC836CC9456}.Release|x64.Build.0 = Release|x64
		{7FFC44AE-13CF-46F9-AA07-1AC836CC9456}.Release|x86.ActiveCfg = Release|Win32
		{7FFC44AE-13CF-46F9-AA07-1AC836CC9456}.Release|x86.Build.0 = Release|Win32
		{ED11755B-3BC0-4FE9-AAA9-A41BE61E065A}.Debug|x64.ActiveCfg = Debug|x64
		{ED11755B-3BC0-4FE9-AAA9-A41BE61E065A}.Debug|x64.Build.0 = Debug|x64
		{ED11755B-3BC0-4FE9-AAA9-A41BE61E065A}.Debug|x86.ActiveCfg = Debug|Win32
		{ED11755B-3BC0-4FE9-AAA9-A41BE61E065A}.Debug|x86.Build.0 = Debug|Win32
		{ED11755B-3BC0-4FE9-AAA9-A41BE61E065A}.Release|x64.ActiveCfg = Release|x64
		{ED11755B-3BC0-4FE9-AAA9-A41BE61E065A}.Release|x64.Build.0 = Release|x64
		{ED11755B-3BC0-4FE9-AAA9-A41BE61E065A}.Release|x86.ActiveCfg = Release|Win32
		{ED11755B-3BC0-4FE9-AAA9-A41BE61E065A}.Release|x86.Build.0 = Release|Win32
		{F5BE8375-F9E8-4715-BCE0-BA9EA52283E5}.Debug|x64.ActiveCfg = Debug|x64
		{F5BE8375-F9E8-4715-BCE0-BA9EA52283E5}.Debug|x64.Build.0 = Debug|x64
		{F5BE8375-F9E8-4715-BCE0-BA9EA52283E5}.Debug|x86.ActiveCfg = Debug|Win32
		{F5BE8375-F9E8-4715-BCE0-BA9EA52283E5}.Debug|x86.Build.0 = Debug|Win32
		{F5BE8375-F9E8-4715-BCE0-BA9EA52283E5}.Release|x64.ActiveCfg = Release|x64
		{F5BE8375-F9E8-4715-BCE0-BA9EA52283E5}.Release|x64.Build.0 = Release|x64
		{F5BE8375-F9E8-4715-BCE0-BA9EA52283E5}.Release|x86.ActiveCfg = Release|Win32
		{F5BE8375-F9E8-4715-BCE0-BA9EA52283E5}.Release|x86.Build.0 = Release|Win32
		{2FA8B6FD-36F7-403B-94BF-D519228D1456}.Debug|x64.ActiveCfg = Debug|x64
		{2FA8B6FD-36F7-403B-94BF-D519228D1456}.Debug|x64.Build.0 = Debug|x64
		{2FA8B6FD-36F7-403B-94BF-D519228D1456}.Debug|x86.ActiveCfg = Debug|Win32
		{2FA8B6FD-36F7-403B-94BF-D519228D1456}.Debug|x86.Build.0 = Debug|Win32
		{2FA8B6FD-36F7-403B-94BF-D519228D1456}.Release|x64.ActiveCfg = Release|x64
		{2FA8B6FD-36F7-403B-94BF-D519228D1456}.Release|x64.Build.0 = Release|x64
		{2FA8B6FD-36F7-403B-94BF-D519228D1456}.Release|x86.ActiveCfg = Release|Win32
		{2FA8B6FD-36F7-403B-94BF-D519228D1456}.Release|x86.Build.0 = Release|Win32
		{645F7AB5-0D75-4CDF-9F24-A67CBC05EAB5}.Debug|x64.ActiveCfg = Debug|x64
		{645F7AB5-0D75-4CDF-9F24-A67CBC05EAB5}.Debug|x64.Build.0 = Debug|x64
		{645F7AB5-0D75-4CDF-9F24-A67CBC05EAB5}.Debug|x86.ActiveCfg = Debug|Win32
		{645F7AB5-0D75-4CDF-9F24-A67CBC05EAB5}.Debug|x86.Build.0 = Debug|Win32
		{645F7AB5-0D75-4CDF-9F24-A67CBC05EAB5}.Release|x64.ActiveCfg = Release|x64
		{645F7AB5-0D75-4CDF-9F24-A67CBC05EAB5}.Release|x64.Build.0 = Release|x64
		{645F7AB5-0D75-4CDF-9F24-A67CBC05EAB5}.Release|x86.ActiveCfg = Release|Win32
		{645F7AB5-0D75-4CDF-9F24-A67CBC05EAB5}.Release|x86.Build.0 = Release|Win32
		{12683837-9CDE-412A-88FD-C094A3BBAF0E}.Debug|x64.ActiveCfg = Debug|x64
		{12683837-9CDE-412A-88FD-C094A3BBAF0E}.Debug|x64.Build.0 = Debug|x64
		{12683837-9CDE-412A-88FD-C094A3BBAF0E}.Debug|x86.ActiveCfg = Debug|Win32
		{12683837-9CDE-412A-88FD-C094A3BBAF0E}.Debug|x86.Build.0 = Debug|Win32
		{12683837-9CDE-412A-88FD-C094A3BBAF0E}.Release|x64.ActiveCfg = Release|x64
		{12683837-9CDE-412A-88FD-C094A3BBAF0E}.Release|x64.Build.0 = Release|x64
		{12683837-9CDE-412A-88FD-C094A3BBAF0E}.Release|x86.ActiveCfg = Release|Win32
		{12683837-9CDE-412A-88FD-C094A3BBAF0E}.Release|x86.Build.0 = Release|Win32
		{0ADB6133-0F74-428D-A919-02557989105F}.Debug|x64.ActiveCfg = Debug|x64
		{0ADB6133-0F74-428D-A919-02557989105F}.Debug|x64.Build.0 = Debug|x64
		{0ADB6133-0F74-428D-A919-02557989105F}.Debug|x86.ActiveCfg = Debug|Win32
		{0ADB6133-0F74-428D-A919-02557989105F}.Debug|x86.Build.0 = Debug|Win32
		{0ADB6133-0F74-428D-A919-02557989105F}.Release|x64.ActiveCfg = Release|x64
		{0ADB6133-0F74-428D-A919-02557989105F}.Release|x64.Build.0 = Release|x64
		{0ADB6133-0F74-428D-A919-02557989105F}.Release|x86.ActiveCfg = Release|Win32
		{0ADB6133-0F74-428D-A919-02557989105F}.Release|x86.Build.0 = Release|Win32
		{65664F85-2CF2-45C6-A9CE-5A3520684F15}.Debug|x64.ActiveCfg = Debug|x64
		{65664F85-2CF2-45C6-A9CE-5A3520684F15}.Debug|x64.Build.0 = Debug|x64
		{65664F85-2CF2-45C6-A9CE-5A3520684F15}.Debug|x86.ActiveCfg = Debug|Win32
		{65664F85-2CF2-45C6-A9CE-5A3520684F15}.Debug|x86.Build.0 = Debug|Win32
		{65664F85-2CF2-45C6-A9CE-5A3520684F15}.Release|x64.ActiveCfg = Release|x64
		{65664F85-2CF2-45C6-A9CE-5A3520684F15}.Release|x64.Build.0 = Release|x64
		{65664F85-2CF2-45C6-A9CE-5A3520684F15}.Release|x86.ActiveCfg = Release|Win32
		{65664F85-2CF2-45C6-A9CE-5A3520684F15}.Release|x86.Build.0 = Release|Win32
		{EF616EF3-60F9-45EA-9433-C41369B8F56A}.Debug|x64.ActiveCfg = Debug|x64
		{EF616EF3-60F9-45EA-9433-C41369B8F56A}.Debug|x64.Build.0 = Debug|x64
		{EF616EF3-60F9-45EA-9433-C41369B8F56A}.Debug|x86.ActiveCfg = Debug|Win32
		{EF616EF3-60F9-45EA-9433-C41369B8F56A}.Debug|x86.Build.0 = Debug|Win32
		{EF616EF3-60F9-45EA-9433-C41369B8F56A}.Release|x64.ActiveCfg = Release|x64
		{EF616EF3-60F9-45EA-9433-C41369B8F56A}.Release|x64.Build.0 = Release|x64
		{EF616EF3-60F9-45EA-9433-C41369B8F56A}.Release|x86.ActiveCfg = Release|Win32
		{EF616EF3-60F9-45EA-9433-C41369B8F56A}.Release|x86.Build.0 = Release|Win32
		{B94018B5-239D-4158-A203-70654BFB9A04}.Debug|x64.ActiveCfg = Debug|x64
		{B94018B5-239D-4158-A203-70654BFB9A04}.Debug|x64.Build.0 = Debug|x64
		{B94018B5-239D-4158-A203-70654BFB9A04}.Debug|x86.ActiveCfg = Debug|Win32
		{B94018B5-239D-4158-A203-70654BFB9A04}.Debug|x86.Build.0 = Debug|Win32
		{B94018B5-239D-4158-A203-70654BFB9A04}.Release|x64.ActiveCfg = Release|x64
		{B94018B5-239D-4158-A203-70654BFB9A04}.Release|x64.Build.0 = Release|x64
		{B94018B5-239D-4158-A203-70654BFB9A04}.Release|x86.ActiveCfg = Release|Win32
		{B94018B5-239D-4158-A203-70654BFB9A04}.Release|x86.Build.0 = Release|Win32
		{188F593C-ABFF-41E5-AA9E-EA97E92949CC}.Debug|x64.ActiveCfg = Debug|x64
		{188F593C-ABFF-41E5-AA9E-EA97E92949CC}.Debug|x64.Build.0 = Debug|x64
		{188F593C-ABFF-41E5-AA9E-EA97E92949CC}.Debug|x86.ActiveCfg = Debug|Win32
		{188F593C-ABFF-41E5-AA9E-EA97E92949CC}.Debug|x86.Build.0 = Debug|Win32
		{188F593C-ABFF-41E5-AA9E-EA97E92949CC}.Release|x64.ActiveCfg = Release|x64
		{188F593C-ABFF-41E5-AA9E-EA97E92949CC}.Release|x64.Build.0 = Release|x64
		{188F593C-ABFF-41E5-AA9E-EA97E92949CC}.Release|x86.ActiveCfg = Release|Win32
		{188F593C-ABFF-41E5-AA9E-EA97E92949CC}.Release|x86.Build.0 = Release|Win32
		{155801ED-5DA4-485E-9526-10772A7B3AD5}.Debug|x64.ActiveCfg = Debug|x64
		{155801ED-5DA4-485E-9526-10772A7B3AD5}.Debug|x64.Build.0 = Debug|x64
		{155801ED-5DA4-485E-9526-10772A7B3AD5}.Debug|x86.ActiveCfg = Debug|Win32
		{155801ED-5DA4-485E-9526-10772A7B3AD5}.Debug|x86.Build.0 = Debug|Win32
		{155801ED-5DA4-485E-9526-10772A7B3AD5}.Release|x64.ActiveCfg = Release|x64
		{155801ED-5DA4-485E-9526-10772A7B3AD5}.Release|x64.Build.0 = Release|x64
		{155801ED-5DA4-485E-9526-10772A7B3AD5}.Release|x86.ActiveCfg = Release|Win32
		{155801ED-5DA4-485E-9526-10772A7B3AD5}.Release|x86.Build.0 = Release|Win32
		{FCCFE078-B649-47DA-B8E4-08F0B76FA7E5}.Debug|x64.ActiveCfg = Debug|x64
		{FCCFE078-B649-47DA-B8E4-08F0B76FA7E5}.Debug|x64.Build.0 = Debug|x64
		{FCCFE078-B649-47DA-B8E4-08F0B76FA7E5}.Debug|x86.ActiveCfg = Debug|Win32
		{FCCFE078-B649-47DA-B8E4-08F0B76FA7E5}.Debug|x86.Build.0 = Debug|Win32
		{FCCFE078-B649-47DA-B8E4-08F0B76FA7E5}.Release|x64.ActiveCfg = Release|x64
		{FCCFE078-B649-47DA-B8E4-08F0B76FA7E5}.Release|x64.Build.0 = Release|x64
		{FCCFE078-B649-47DA-B8E4-08F0B76FA7E5}.Release|x86.ActiveCfg = Release|Win32
		{FCCFE078-B649-47DA-B8E4-08F0B76FA7E5}.Release|x86.Build.0 = Release|Win32
		{708B2CFD-5EEE-4069-B517-C0C54E9EEDFF}.Debug|x64.ActiveCfg = Debug|x64
		{708B2CFD-5EEE-4069-B517-C0C54E9EEDFF}.Debug|x64.Build.0 = Debug|x64
		{708B2CFD-5EEE-4069-B517-C0C54E9EEDFF}.Debug|x86.ActiveCfg = Debug|Win32
		{708B2CFD-5EEE-4069-B517-C0C54E9EEDFF}.Debug|x86.Build.0 = Debug|Win32
		{708B2CFD-5EEE-4069-B517-C0C54E9EEDFF}.Release|x64.ActiveCfg = Release|x64
		{708B2CFD-5EEE-4069-B517-C0C54E9EEDFF}.Release|x64.Build.0 = Release|x64
		{708B2CFD-5EEE-4069-B517-C0C54E9EEDFF}.Release|x86.ActiveCfg = Release|Win32
		{708B2CFD-5EEE-4069-B517-C0C54E9EEDFF}.Release|x86.Build.0 = Release|Win32
		{AA49F4E4-83F4-461F-B72D-21D985B20EC4}.Debug|x64.ActiveCfg = Debug|x64
		{AA49F4E4-83F4-461F-B72D-21D985B20EC4}.Debug|x64.Build.0 = Debug|x64
		{AA49F4E4-83F4-461F-B72D-21D985B20EC4}.Debug|x86.ActiveCfg = Debug|Win32
		{AA49F4E4-83F4-461F-B72D-21D985B20EC4}.Debug|x86.Build.0 = Debug|Win32
		{AA49F4E4-83F4-461F-B72D-21D985B20EC4}.Release|x64.ActiveCfg = Release|x64
		{AA49F4E4-83F4-461F-B72D-21D985B20EC4}.Release|x64.Build.0 = Release|x64
		{AA49F4E4-83F4-461F-B72D-21D985B20EC4}.Release|x86.ActiveCfg = Release|Win32
		{AA49F4E4-83F4-461F-B72D-21D985B20EC4}.Release|x86.Build.0 = Release|Win32
		{3DDAE51A-3ED4-4493-93D3-9C5B47B9DCE1}.Debug|x64.ActiveCfg = Debug|x64
		{3DDAE51A-3ED4-4493-93D3-9C5B47B9DCE1}.Debug|x64.Build.0 = Debug|x64
		{3DDAE51A-3ED4-4493-93D3-9C5B47B9DCE1}.Debug|x86.ActiveCfg = Debug|Win32
		{3DDAE51A-3ED4-4493-93D3-9C5B47B9DCE1}.Debug|x86.Build.0 = Debug|Win32
		{3DDAE51A-3ED4-4493-93D3-9C5B47B9DCE1}.Release|x64.ActiveCfg = Release|x64
		{3DDAE51A-3ED4-4493-93D3-9C5B47B9DCE1}.Release|x64.Build.0 = Release|x64
		{3DDAE51A-3ED4-4493-93D3-9C5B47B9DCE1}.Release|x86.ActiveCfg = Release|Win32
		{3DDAE51A-3ED4-4493-93D3-9C5B47B9DCE1}.Release|x86.Build.0 = Release|Win32
		{C2372A44-D559-4A4D-9E91-BB62F47B850E}.Debug|x64.ActiveCfg = Debug|x64
		{C2372A44-D559-4A4D-9E91-BB62F47B850E}.Debug|x64.Build.0 = Debug|x64
		{C2372A44-D559-4A4D-9E91-BB62F47B850E}.Debug|x86.ActiveCfg = Debug|Win32
		{C2372A44-D559-4A4D-9E91-BB62F47B850E}.Debug|x86.Build.0 = Debug|Win32
		{C2372A44-D559-4A4D-9E91-BB62F47B850E}.Release|x64.ActiveCfg = Release|x64
		{C2372A44-D559-4A4D-9E91-BB62F47B850E}.Release|x64.Build.0 = Release|x64
		{C2372A44-D559-4A4D-9E91-BB62F47B850E}.Release|x86.ActiveCfg = Release|Win32
		{C2372A44-D559-4A4D-9E91-BB62F47B850E}.Release|x86.Build.0 = Release|Win32
		{46DDDE37-BDC7-4F3D-90EF-4EBB6E27D456}.Debug|x64.ActiveCfg = Debug|x64
		{46DDDE37-BDC7-4F3D-90EF-4EBB6E27D456}.Debug|x64.Build.0 = Debug|x64
		{46DDDE37-BDC7-4F3D-90EF-4EBB6E27D456}.Debug|x86.ActiveCfg = Debug|Win32
		{46DDDE37-BDC7-4F3D-90EF-4EBB6E27D456}.Debug|x86.Build.0 = Debug|Win32
		{46DDDE37-BDC7-4F3D-90EF-4EBB6E27D456}.Release|x64.ActiveCfg = Release|x64
		{46DDDE37-BDC7-4F3D-90EF-4EBB6E27D456}.Release|x64.Build.0 = Release|x64
		{46DDDE37-BDC7-4F3D-90EF-4EBB6E27D456}.Release|x86.ActiveCfg = Release|Win32
		{46DDDE37-BDC7-4F3D-90EF-4EBB6E27D456}.Release|x86.Build.0 = Release|Win32
		{978E37CB-287A-49B8-8AE8-AA247035CF34}.Debug|x64.ActiveCfg = Debug|x64
		{978E37CB-287A-49B8-8AE8-AA247035CF34}.Debug|x64.Build.0 = Debug|x64
		{978E37CB-287A-49B8-8AE8-AA247035CF34}.Debug|x86.ActiveCfg = Debug|Win32
		{978E37CB-287A-49B8-8AE8-AA247035CF34}.Debug|x86.Build.0 = Debug|Win32
		{978E37CB-287A-49B8-8AE8-AA247035CF34}.Release|x64.ActiveCfg = Release|x64
		{978E37CB-287A-49B8-8AE8-AA247035CF34}.Release|x64.Build.0 = Release|x64
		{978E37CB-287A-49B8-8AE8-AA247035CF34}.Release|x86.ActiveCfg = Release|Win32
		{978E37CB-287A-49B8-8AE8-AA247035CF34}.Release|x86.Build.0 = Release|Win32
		{4AA30383-2B05-40B4-869C-50A884DAA65E}.Debug|x64.ActiveCfg = Debug|x64
		{4AA30383-2B05-40B4-869C-50A884DAA65E}.Debug|x64.Build.0 = Debug|x64
		{4AA30383-2B05-40B4-869C-50A884DAA65E}.Debug|x86.ActiveCfg = Debug|Win32
		{4AA30383-2B05-40B4-869C-50A884DAA65E}.Debug|x86.Build.0 = Debug|Win32
		{4AA30383-2B05-40B4-869C-50A884DAA65E}.Release|x64.ActiveCfg = Release|x64
		{4AA30383-2B05-40B4-869C-50A884DAA65E}.Release|x64.Build.0 = Release|x64
		{4AA30383-2B05-40B4-869C-50A884DAA65E}.Release|x86.ActiveCfg = Release|Win32
		{4AA30383-2B05-40B4-869C-50A884DAA65E}.Release|x86.Build.0 = Release|Win32
		{8CA06577-73D6-4C7A-A036-1442C2CACE11}.Debug|x64.ActiveCfg = Debug|x64
		{8CA06577-73D6-4C7A-A036-1442C2CACE11}.Debug|x64.Build.0 = Debug|x64
		{8CA06577-73D6-4C7A-A036-1442C2CACE11}.Debug|x86.ActiveCfg = Debug|Win32
		{8CA06577-73D6-4C7A-A036-1442C2CACE11}.Debug|x86.Build.0 = Debug|Win32
		{8CA06577-73D6-4C7A-A036-1442C2CACE11}.Release|x64.ActiveCfg = Release|x64
		{8CA06577-73D6-4C7A-A036-1442C2CACE11}.Release|x64.Build.0 = Release|x64
		{8CA06577-73D6-4C7A-A036-1442C2CACE11}.Release|x86.ActiveCfg = Release|Win32
		{8CA06577-73D6-4C7A-A036-1442C2CACE11}.Release|x86.Build.0 = Release|Win32
		{D1BB076C-5038-4844-B3E7-3011DE9F6FED}.Debug|x64.ActiveCfg = Debug|x64
		{D1BB076C-5038-4844-B3E7-3011DE9F6FED}.Debug|x64.Build.0 = Debug|x64
		{D1BB076C-5038-4844-B3E7-3011DE9F6FED}.Debug|x86.ActiveCfg = Debug|Win32
		{D1BB076C-5038-4844-B3E7-3011DE9F6FED}.Debug|x86.Build.0 = Debug|Win32
		{D1BB076C-5038-4844-B3E7-3011DE9F6FED}.Release|x64.ActiveCfg = Release|x64
		{D1BB076C-5038-4844-B3E7-3011DE9F6FED}.Release|x64.Build.0 = Release|x64
		{D1BB076C-5038-4844-B3E7-3011DE9F6FED}.Release|x86.ActiveCfg = Release|Win32
		{D1BB076C-5038-4844-B3E7-3011DE9F6FED}.Release|x86.Build.0 = Release|Win32
		{7B9A0FD2-04B6-4920-97FE-40F8483C306A}.Debug|x64.ActiveCfg = Debug|x64
		{7B9A0FD2-04B6-4920-97FE-40F8483C306A}.Debug|x64.Build.0 = Debug|x64
		{7B9A0FD2-04B6-4920-97FE-40F8483C306A}.Debug|x86.ActiveCfg = Debug|Win32
		{7B9A0FD2-04B6-4920-97FE-40F8483C306A}.Debug|x86.Build.0 = Debug|Win32
		{7B9A0FD2-04B6-4920-97FE-40F8483C306A}.Release|x64.ActiveCfg = Release|x64
		{7B9A0FD2-04B6-4920-97FE-40F8483C306A}.Release|x64.Build.0 = Release|x64
		{7B9A0FD2-04B6-4920-97FE-40F8483C306A}.Release|x86.ActiveCfg = Release|Win32
		{7B9A0FD2-04B6-4920-97FE-40F8483C306A}.Release|x86.Build.0 = Release|Win32
		{AAEFB630-041E-46EB-A734-33903AB30453}.Debug|x64.ActiveCfg = Debug|x64
		{AAEFB630-041E-46EB-A734-33903AB30453}.Debug|x64.Build.0 = Debug|x64
		{AAEFB630-041E-46EB-A734-33903AB30453}.Debug|x86.ActiveCfg = Debug|Win32
		{AAEFB630-041E-46EB-A734-33903AB30453}.Debug|x86.Build.0 = Debug|Win32
		{AAEFB630-041E-46EB-A734-33903AB30453}.Release|x64.ActiveCfg = Release|x64
		{AAEFB630-041E-46EB-A734-33903AB30453}.Release|x64.Build.0 = Release|x64
		{AAEFB630-041E-46EB-A734-33903AB30453}.Release|x86.ActiveCfg = Release|Win32
		{AAEFB630-041E-46EB-A734-33903AB30453}.Release|x86.Build.0 = Release|Win32
		{108FAC16-EE73-4D6E-805D-A6099C4BE383}.Debug|x64.ActiveCfg = Debug|x64
		{108FAC16-EE73-4D6E-805D-A6099C4BE383}.Debug|x64.Build.0 = Debug|x64
		{108FAC16-EE73-4D6E-805D-A6099C4BE383}.Debug|x86.ActiveCfg = Debug|Win32
		{108FAC16-EE73-4D6E-805D-A6099C4BE383}.Debug|x86.Build.0 = Debug|Win32
		{108FAC16-EE73-4D6E-805D-A6099C4BE383}.Release|x64.ActiveCfg = Release|x64
		{108FAC16-EE73-4D6E-805D-A6099C4BE383}.Release|x64.Build.0 = Release|x64
		{108FAC16-EE73-4D6E-805D-A6099C4BE383}.Release|x86.ActiveCfg = Release|Win32
		{108FAC16-EE73-4D6E-805D-A6099C4BE383}.Release|x86.Build.0 = Release|Win32
		{19684DBD-90B9-4A47-90A2-CDA6A83366E8}.Debug|x64.ActiveCfg = Debug|x64
		{19684DBD-90B9-4A47-90A2-CDA6A83366E8}.Debug|x64.Build.0 = Debug|x64
		{19684DBD-90B9-4A47-90A2-CDA6A83366E8}.Debug|x86.ActiveCfg = Debug|Win32
		{19684DBD-90B9-4A47-90A2-CDA6A83366E8}.Debug|x86.Build.0 = Debug|Win32
		{19684DBD-90B9-4A47-90A2-CDA6A83366E8}.Release|x64.ActiveCfg = Release|x64
		{19684DBD-90B9-4A47-90A2-CDA6A83366E8}.Release|x64.Build.0 = Release|x64
		{19684DBD-90B9-4A47-90A2-CDA6A83366E8}.Release|x86.ActiveCfg = Release|Win32
		{19684DBD-90B9-4A47-90A2-CDA6A83366E8}.Release|x86.Build.0 = Release|Win32
		{2153C387-9147-4B7D-B5D8-39F4C1E9FD32}.Debug|x64.ActiveCfg = Debug|x64
		{2153C387-9147-4B7D-B5D8-39F4C1E9FD32}.Debug|x64.Build.0 = Debug|x64
		{2153C387-9147-4B7D-B5D8-39F4C1E9FD32}.Debug|x86.ActiveCfg = Debug|Win32
		{2153C387-9147-4B7D-B5D8-39F4C1E9FD32}.Debug|x86.Build.0 = Debug|Win32
		{2153C387-9147-4B7D-B5D8-39F4C1E9FD32}.Release|x64.ActiveCfg = Release|x64
		{2153C387-9147-4B7D-B5D8-39F4C1E9FD32}.Release|x64.Build.0 = Release|x64
		{2153C387-9147-4B7D-B5D8-39F4C1E9FD32}.Release|x86.ActiveCfg = Release|Win32
		{2153C387-9147-4B7D-B5D8-39F4C1E9FD32}.Release|x86.Build.0 = Release|Win32
		{38E3E2E7-B87B-4787-89C1-24CB6E449B44}.Debug|x64.ActiveCfg = Debug|x64
		{38E3E2E7-B87B-4787-89C1-24CB6E449B44}.Debug|x64.Build.0 = Debug|x64
		{38E3E2E7-B87B-4787-89C1-24CB6E449B44}.Debug|x86.ActiveCfg = Debug|Win32
		{38E3E2E7-B87B-4787-89C1-24CB6E449B44}.Debug|x86.Build.0 = Debug|Win32
		{38E3E2E7-B87B-4787-89C1-24CB6E449B44}.Release|x64.ActiveCfg = Release|x64
		{38E3E2E7-B87B-4787-89C1-24CB6E449B44}.Release|x64.Build.0 = Release|x64
		{38E3E2E7-B87B-4787-89C1-24CB6E449B44}.Release|x86.ActiveCfg = Release|Win32
		{38E3E2E7-B87B-4787-89C1-24CB6E449B44}.Release|x86.Build.0 = Release|Win32
		{8D8D1490-2928-4ACF-ABA0-2EA019949148}.Debug|x64.ActiveCfg = Debug|x64
		{8D8D1490-2928-4ACF-ABA0-2EA019949148}.Debug|x64.Build.0 = Debug|x64
		{8D8D1490-2928-4ACF-ABA0-2EA019949148}.Debug|x86.ActiveCfg = Debug|Win32
		{8D8D1490-2928-4ACF-ABA0-2EA019949148}.Debug|x86.Build.0 = Debug|Win32
		{8D8D1490-2928-4ACF-ABA0-2EA019949148}.Release|x64.ActiveCfg = Release|x64
		{8D8D1490-2928-4ACF-ABA0-2EA019949148}.Release|x64.Build.0 = Release|x64
		{8D8D1490-2928-4ACF-ABA0-2EA019949148}.Release|x86.ActiveCfg = Release|Win32
		{8D8D1490-2928-4ACF-ABA0-2EA019949148}.Release|x86.Build.0 = Release|Win32
		{59AA5659-F54D-4E1F-ACBA-047B4CF4E6A1}.Debug|x64.ActiveCfg = Debug|x64
		{59AA5659-F54D-4E1F-ACBA-047B4CF4E6A1}.Debug|x64.Build.0 = Debug|x64
		{59AA5659-F54D-4E1F-ACBA-047B4CF4E6A1}.Debug|x86.ActiveCfg = Debug|Win32
		{59AA5659-F54D-4E1F-ACBA-047B4CF4E6A1}.Debug|x86.Build.0 = Debug|Win32
		{59AA5659-F54D-4E1F-ACBA-047B4CF4E6A1}.Release|x64.ActiveCfg = Release|x64
		{59AA5659-F54D-4E1F-ACBA-047B4CF4E6A1}.Release|x64.Build.0 = Release|x64
		{59AA5659-F54D-4E1F-ACBA-047B4CF4E6A1}.Release|x86.ActiveCfg = Release|Win32
		{59AA5659-F54D-4E1F-ACBA-047B4CF4E6A1}.Release|x86.Build.0 = Release|Win32
		{D7AE9EE9-38BA-4C63-8B53-CC1B59185DBD}.Debug|x64.ActiveCfg = Debug|x64
		{D7AE9EE9-38BA-4C63-8B53-CC1B59185DBD}.Debug|x64.Build.0 = Debug|x64
		{D7AE9EE9-38BA-4C63-8B53-CC1B59185DBD}.Debug|x86.ActiveCfg = Debug|Win32
		{D7AE9EE9-38BA-4C63-8B53-CC1B59185DBD}.Debug|x86.Build.0 = Debug|Win32
		{D7AE9EE9-38BA-4C63-8B53-CC1B59185DBD}.Release|x64.ActiveCfg = Release|x64
		{D7AE9EE9-38BA-4C63-8B53-CC1B59185DBD}.Release|x64.Build.0 = Release|x64
		{D7AE9EE9-38BA-4C63-8B53-CC1B59185DBD}.Release|x86.ActiveCfg = Release|Win32
		{D7AE9EE9-38BA-4C63-8B53-CC1B59185DBD}.Release|x86.Build.0 = Release|Win32
		{5CD01D1F-725E-494A-9B35-99944C685100}.Debug|x64.ActiveCfg = Debug|x64
		{5CD01D1F-725E-494A-9B35-99944C685100}.Debug|x64.Build.0 = Debug|x64
		{5CD01D1F-725E-494A-9B35-99944C685100}.Debug|x86.ActiveCfg = Debug|Win32
		{5CD01D1F-725E-494A-9B35-99944C685100}.Debug|x86.Build.0 = Debug|Win32
		{5CD01D1F-725E-494A-9B35-99944C685100}.Release|x64.ActiveCfg = Release|x64
		{5CD01D1F-725E-494A-9B35-99944C685100}.Release|x64.Build.0 = Release|x64
		{5CD01D1F-725E-494A-9B35-99944C685100}.Release|x86.ActiveCfg = Release|Win32
		{5CD01D1F-725E-494A-9B35-99944C685100}.Release|x86.Build.0 = Release|Win32
		{A01FC4A4-A974-4450-987B-A7BF0ACEC978}.Debug|x64.ActiveCfg = Debug|x64
		{A01FC4A4-A974-4450-987B-A7BF0ACEC978}.Debug|x64.Build.0 = Debug|x64
		{A01FC4A4-A974-4450-987B-A7BF0ACEC978}.Debug|x86.ActiveCfg = Debug|Win32
		{A01FC4A4-A974-4450-987B-A7BF0ACEC978}.Debug|x86.Build.0 = Debug|Win32
		{A01FC4A4-A974-4450-987B-A7BF0ACEC978}.Release|x64.ActiveCfg = Release|x64
		{A01FC4A4-A974-4450-987B-A7BF0ACEC978}.Release|x64.Build.0 = Release|x64
		{A01FC4A4-A974-4450-987B-A7BF0ACEC978}.Release|x86.ActiveCfg = Release|Win32
		{A01FC4A4-A974-4450-987B-A7BF0ACEC978}.Release|x86.Build.0 = Release|Win32
		{80AB1365-3026-410F-89AB-4A6CF6C9D0C8}.Debug|x64.ActiveCfg = Debug|x64
		{80AB1365-3026-410F-89AB-4A6CF6C9D0C8}.Debug|x64.Build.0 = Debug|x64
		{80AB1365-3026-410F-89AB-4A6CF6C9D0C8}.Debug|x86.ActiveCfg = Debug|Win32
		{80AB1365-3026-410F-89AB-4A6CF6C9D0C8}.Debug|x86.Build.0 = Debug|Win32
		{80AB1365-3026-410F-89AB-4A6CF6C9D0C8}.Release|x64.ActiveCfg = Release|x64
		{80AB1365-3026-410F-89AB-4A6CF6C9D0C8}.Release|x64.Build.0 = Release|x64
		{80AB1365-3026-410F-89AB-4A6CF6C9D0C8}.Release|x86.ActiveCfg = Release|Win32
		{80AB1365-3026-410F-89AB-4A6CF6C9D0C8}.Release|x86.Build.0 = Release|Win32
		{A543B58C-A762-483D-92BC-10D5B274FC31}.Debug|x64.ActiveCfg = Debug|x64
		{A543B58C-A762-483D-92BC-10D5B274FC31}.Debug|x64.Build.0 = Debug|x64
		{A543B58C-A762-483D-92BC-10D5B274FC31}.Debug|x86.ActiveCfg = Debug|Win32
		{A543B58C-A762-483D-92BC-10D5B274FC31}.Debug|x86.Build.0 = Debug|Win32
		{A543B58C-A762-483D-92BC-10D5B274FC31}.Release|x64.ActiveCfg = Release|x64
		{A543B58C-A762-483D-92BC-10D5B274FC31}.Release|x64.Build.0 = Release|x64
		{A543B58C-A762-483D-92BC-10D5B274FC31}.Release|x86.ActiveCfg = Release|Win32
		{A543B58C-A762-483D-92BC-10D5B274FC31}.Release|x86.Build.0 = Release|Win32
		{9408BF43-F02B-446C-9A1A-9346DD3DF87E}.Debug|x64.ActiveCfg = Debug|x64
		{9408BF43-F02B-446C-9A1A-9346DD3DF87E}.Debug|x64.Build.0 = Debug|x64
		{9408BF43-F02B-446C-9A1A-9346DD3DF87E}.Debug|x86.ActiveCfg = Debug|Win32
		{9408BF43-F02B-446C-9A1A-9346DD3DF87E}.Debug|x86.Build.0 = Debug|Win32
		{9408BF43-F02B-446C-9A1A-9346DD3DF87E}.Release|x64.ActiveCfg = Release|x64
		{9408BF43-F02B-446C-9A1A-9346DD3DF87E}.Release|x64.Build.0 = Release|x64
		{9408BF43-F02B-446C-9A1A-9346DD3DF87E}.Release|x86.ActiveCfg = Release|Win32
		{9408BF43-F02B-446C-9A1A-9346DD3DF87E}.Release|x86.Build.0 = Release|Win32
		{6E944C1B-C0A7-4E61-B9F9-05D56598C66B}.Debug|x64.ActiveCfg = Debug|x64
		{6E944C1B-C0A7-4E61-B9F9-05D56598C66B}.Debug|x64.Build.0 = Debug|x64
		{6E944C1B-C0A7-4E61-B9F9-05D56598C66B}.Debug|x86.ActiveCfg = Debug|Win32
		{6E944C1B-C0A7-4E61-B9F9-05D56598C66B}.Debug|x86.Build.0 = Debug|Win32
		{6E944C1B-C0A7-4E61-B9F9-05D56598C66B}.Release|x64.ActiveCfg = Release|x64
		{6E944C1B-C0A7-4E61-B9F9-05D56598C66B}.Release|x64.Build.0 = Release|x64
		{6E944C1B-C0A7-4E61-B9F9-05D56598C66B}.Release|x86.ActiveCfg = Release|Win32
		{6E944C1B-C0A7-4E61-B9F9-05D56598C66B}.Release|x86.Build.0 = Release|Win32
		{6AB34F7F-C9BC-4DBD-8AC4-5B47EC13012E}.Debug|x64.ActiveCfg = Debug|x64
		{6AB34F7F-C9BC-4DBD-8AC4-5B47EC13012E}.Debug|x64.Build.0 = Debug|x64
		{6AB34F7F-C9BC-4DBD-8AC4-5B47EC13012E}.Debug|x86.ActiveCfg = Debug|Win32
		{6AB34F7F-C9BC-4DBD-8AC4-5B47EC13012E}.Debug|x86.Build.0 = Debug|Win32
		{6AB34F7F-C9BC-4DBD-8AC4-5B47EC13012E}.Release|x64.ActiveCfg = Release|x64
		{6AB34F7F-C9BC-4DBD-8AC4-5B47EC13012E}.Release|x64.Build.0 = Release|x64
		{6AB34F7F-C9BC-4DBD-8AC4-5B47EC13012E}.Release|x86.ActiveCfg = Release|Win32
		{6AB34F7F-C9BC-4DBD-8AC4-5B47EC13012E}.Release|x86.Build.0 = Release|Win32
		{361F7DCD-FF7B-4F46-A2D7-A8719A376167}.Debug|x64.ActiveCfg = Debug|x64
		{361F7DCD-FF7B-4F46-A2D7-A8719A376167}.Debug|x64.Build.0 = Debug|x64
		{361F7DCD-FF7B-4F46-A2D7-A8719A376167}.Debug|x86.ActiveCfg = Debug|Win32
		{361F7DCD-FF7B-4F46-A2D7-A8719A376167}.Debug|x86.Build.0 = Debug|Win32
		{361F7DCD-FF7B-4F46-A2D7-A8719A376167}.Release|x64.ActiveCfg = Release|x64
		{361F7DCD-FF7B-4F46-A2D7-A8719A376167}.Release|x64.Build.0 = Release|x64
		{361F7DCD-FF7B-4F46-A2D7-A8719A376167}.Release|x86.ActiveCfg = Release|Win32
		{361F7DCD-FF7B-4F46-A2D7-A8719A376167}.Release|x86.Build.0 = Release|Win32
		{413D3E74-4C8D-4BAC-86AC-C8A2B64C46C3}.Debug|x64.ActiveCfg = Debug|x64
		{413D3E74-4C8D-4BAC-86AC-C8A2B64C46C3}.Debug|x64.Build.0 = Debug|x64
		{413D3E74-4C8D-4BAC-86AC-C8A2B64C46C3}.Debug|x86.ActiveCfg = Debug|Win32
		{413D3E74-4C8D-4BAC-86AC-C8A2B64C46C3}.Debug|x86.Build.0 = Debug|Win32
		{413D3E74-4C8D-4BAC-86AC-C8A2B64C46C3}.Release|x64.ActiveCfg = Release|x64
		{413D3E74-4C8D-4BAC-86AC-C8A2B64C46C3}.Release|x64.Build.0 = Release|x64
		{413D3E74-4C8D-4BAC-86AC-C8A2B64C46C3}.Release|x86.ActiveCfg = Release|Win32
		{413D3E74-4C8D-4BAC-86AC-C8A2B64C46C3}.Release|x86.Build.0 = Release|Win32
		{DC926A77-4AAF-4BA7-A9C0-0E22BF47D016}.Debug|x64.ActiveCfg = Debug|x64
		{DC926A77-4AAF-4BA7-A9C0-0E22BF47D016}.Debug|x64.Build.0 = Debug|x64
		{DC926A77-4AAF-4BA7-A9C0-0E22BF47D016}.Debug|x86.ActiveCfg = Debug|Win32
		{DC926A77-4AAF-4BA7-A9C0-0E22BF47D016}.Debug|x86.Build.0 = Debug|Win32
		{DC926A77-4AAF-4BA7-A9C0-0E22BF47D016}.Release|x64.ActiveCfg = Release|x64
		{DC926A77-4AAF-4BA7-A9C0-0E22BF47D016}.Release|x64.Build.0 = Release|x64
		{DC926A77-4AAF-4BA7-A9C0-0E22BF47D016}.Release|x86.ActiveCfg = Release|Win32
		{DC926A77-4AAF-4BA7-A9C0-0E22BF47D016}.Release|x86.Build.0 = Release|Win32
		{5B1AD28A-97DA-42DA-B406-D9D3B5FA0632}.Debug|x64.ActiveCfg = Debug|x64
		{5B1AD28A-97DA-42DA-B406-D9D3B5FA0632}.Debug|x64.Build.0 = Debug|x64
		{5B1AD28A-97DA-42DA-B406-D9D3B5FA0632}.Debug|x86.ActiveCfg = Debug|Win32
		{5B1AD28A-97DA-42DA-B406-D9D3B5FA0632}.Debug|x86.Build.0 = Debug|Win32
		{5B1AD28A-97DA-42DA-B406-D9D3B5FA0632}.Release|x64.ActiveCfg = Release|x64
		{5B1AD28A-97DA-42DA-B406-D9D3B5FA0632}.Release|x64.Build.0 = Release|x64
		{5B1AD28A-97DA-42DA-B406-D9D3B5FA0632}.Release|x86.ActiveCfg = Release|Win32
		{5B1AD28A-97DA-42DA-B406-D9D3B5FA0632}.Release|x86.Build.0 = Release|Win32
		{977AF61A-8C98-488C-AB03-1193E82BC560}.Debug|x64.ActiveCfg = Debug|x64
		{977AF61A-8C98-488C-AB03-1193E82BC560}.Debug|x64.Build.0 = Debug|x64
		{977AF61A-8C98-488C-AB03-1193E82BC560}.Debug|x86.ActiveCfg = Debug|Win32
		{977AF61A-8C98-488C-AB03-1193E82BC560}.Debug|x86.Build.0 = Debug|Win32
		{977AF61A-8C98-488C-AB03-1193E82BC560}.Release|x64.ActiveCfg = Release|x64
		{977AF61A-8C98-488C-AB03-1193E82BC560}.Release|x64.Build.0 = Release|x64
		{977AF61A-8C98-488C-AB03-1193E82BC560}.Release|x86.ActiveCfg = Release|Win32
		{977AF61A-8C98-488C-AB03-1193E82BC560}.Release|x86.Build.0 = Release|Win32
		{43A5B1C9-7F65-437A-859C-77FF38C30709}.Debug|x64.ActiveCfg = Debug|x64
		{43A5B1C9-7F65-437A-859C-77FF38C30709}.Debug|x64.Build.0 = Debug|x64
		{43A5B1C9-7F65-437A-859C-77FF38C30709}.Debug|x86.ActiveCfg = Debug|Win32
		{43A5B1C9-7F65-437A-859C-77FF38C30709}.Debug|x86.Build.0 = Debug|Win32
		{43A5B1C9-7F65-437A-859C-77FF38C30709}.Release|x64.ActiveCfg = Release|x64
		{43A5B1C9-7F65-437A-859C-77FF38C30709}.Release|x64.Build.0 = Release|x64
		{43A5B1C9-7F65-437A-859C-77FF38C30709}.Release|x86.ActiveCfg = Release|Win32
		{43A5B1C9-7F65-437A-859C-77FF38C30709}.Release|x86.Build.0 = Release|Win32
		{EC91C408-097D-446E-9FE4-13144FDB232A}.Debug|x64.ActiveCfg = Debug|x64
		{EC91C408-097D-446E-9FE4-13144FDB232A}.Debug|x64.Build.0 = Debug|x64
		{EC91C408-097D-446E-9FE4-13144FDB232A}.Debug|x86.ActiveCfg = Debug|Win32
		{EC91C408-097D-446E-9FE4-13144FDB232A}.Debug|x86.Build.0 = Debug|Win32
		{EC91C408-097D-446E-9FE4-13144FDB232A}.Release|x64.ActiveCfg = Release|x64
		{EC91C408-097D-446E-9FE4-13144FDB232A}.Release|x64.Build.0 = Release|x64
		{EC91C408-097D-446E-9FE4-13144FDB232A}.Release|x86.ActiveCfg = Release|Win32
		{EC91C408-097D-446E-9FE4-13144FDB232A}.Release|x86.Build.0 = Release|Win32
		{E80E1721-D796-480D-A956-6F27EC41FF3A}.Debug|x64.ActiveCfg = Debug|x64
		{E80E1721-D796-480D-A956-6F27EC41FF3A}.Debug|x64.Build.0 = Debug|x64
		{E80E1721-D796-480D-A956-6F27EC41FF3A}.Debug|x86.ActiveCfg = Debug|Win32
		{E80E1721-D796-480D-A956-6F27EC41FF3A}.Debug|x86.Build.0 = Debug|Win32
		{E80E1721-D796-480D-A956-6F27EC41FF3A}.Release|x64.ActiveCfg = Release|x64
		{E80E1721-D796-480D-A956-6F27EC41FF3A}.Release|x64.Build.0 = Release|x64
		{E80E1721-D796-480D-A956-6F27EC41FF3A}.Release|x86.ActiveCfg = Release|Win32
		{E80E1721-D796-480D-A956-6F27EC41FF3A}.Release|x86.Build.0 = Release|Win32
		{7B359A3A-66D0-412C-A917-DE285CBC7100}.Debug|x64.ActiveCfg = Debug|x64
		{7B359A3A-66D0-412C-A917-DE285CBC7100}.Debug|x64.Build.0 = Debug|x64
		{7B359A3A-66D0-412C-A917-DE285CBC7100}.Debug|x86.ActiveCfg = Debug|Win32
		{7B359A3A-66D0-412C-A917-DE285CBC7100}.Debug|x86.Build.0 = Debug|Win32
		{7B359A3A-66D0-412C-A917-DE285CBC7100}.Release|x64.ActiveCfg = Release|x64
		{7B359A3A-66D0-412C-A917-DE285CBC7100}.Release|x64.Build.0 = Release|x64
		{7B359A3A-66D0-412C-A917-DE285CBC7100}.Release|x86.ActiveCfg = Release|Win32
		{7B359A3A-66D0-412C-A917-DE285CBC7100}.Release|x86.Build.0 = Release|Win32
		{7620C04A-7D96-4423-B51C-ECA2FEE703D3}.Debug|x64.ActiveCfg = Debug|x64
		{7620C04A-7D96-4423-B51C-ECA2FEE703D3}.Debug|x64.Build.0 = Debug|x64
		{7620C04A-7D96-4423-B51C-ECA2FEE703D3}.Debug|x86.ActiveCfg = Debug|Win32
		{7620C04A-7D96-4423-B51C-ECA2FEE703D3}.Debug|x86.Build.0 = Debug|Win32
		{7620C04A-7D96-4423-B51C-ECA2FEE703D3}.Release|x64.ActiveCfg = Release|x64
		{7620C04A-7D96-4423-B51C-ECA2FEE703D3}.Release|x64.Build.0 = Release|x64
		{7620C04A-7D96-4423-B51C-ECA2FEE703D3}.Release|x86.ActiveCfg = Release|Win32
		{7620C04A-7D96-4423-B51C-ECA2FEE703D3}.Release|x86.Build.0 = Release|Win32
		{C39ECC1B-42BC-4AC6-846F-EABDA551BDAF}.Debug|x64.ActiveCfg = Debug|x64
		{C39ECC1B-42BC-4AC6-846F-EABDA551BDAF}.Debug|x64.Build.0 = Debug|x64
		{C39ECC1B-42BC-4AC6-846F-EABDA551BDAF}.Debug|x86.ActiveCfg = Debug|Win32
		{C39ECC1B-42BC-4AC6-846F-EABDA551BDAF}.Debug|x86.Build.0 = Debug|Win32
		{C39ECC1B-42BC-4AC6-846F-EABDA551BDAF}.Release|x64.ActiveCfg = Release|x64
		{C39ECC1B-42BC-4AC6-846F-EABDA551BDAF}.Release|x64.Build.0 = Release|x64
		{C39ECC1B-42BC-4AC6-846F-EABDA551BDAF}.Release|x86.ActiveCfg = Release|Win32
		{C39ECC1B-42BC-4AC6-846F-EABDA551BDAF}.Release|x86.Build.0 = Release|Win32
		{779CF247-2C30-4F00-A7CE-A2FA20F00ACE}.Debug|x64.ActiveCfg = Debug|x64
		{779CF247-2C30-4F00-A7CE-A2FA20F00ACE}.Debug|x64.Build.0 = Debug|x64
		{779CF247-2C30-4F00-A7CE-A2FA20F00ACE}.Debug|x86.ActiveCfg = Debug|Win32
		{779CF247-2C30-4F00-A7CE-A2FA20F00ACE}.Debug|x86.Build.0 = Debug|Win32
		{779CF247-2C30-4F00-A7CE-A2FA20F00ACE}.Release|x64.ActiveCfg = Release|x64
		{779CF247-2C30-4F00-A7CE-A2FA20F00ACE}.Release|x64.Build.0 = Release|x64
		{779CF247-2C30-4F00-A7CE-A2FA20F00ACE}.Release|x86.ActiveCfg = Release|Win32
		{779CF247-2C30-4F00-A7CE-A2FA20F00ACE}.Release|x86.Build.0 = Release|Win32
		{317B6C07-49BC-4029-A732-1996ADC9BEF0}.Debug|x64.ActiveCfg = Debug|x64
		{317B6C07-49BC-4029-A732-1996ADC9BEF0}.Debug|x64.Build.0 = Debug|x64
		{317B6C07-49BC-4029-A732-1996ADC9BEF0}.Debug|x86.ActiveCfg = Debug|Win32
		{317B6C07-49BC-4029-A732-1996ADC9BEF0}.Debug|x86.Build.0 = Debug|Win32
		{317B6C07-49BC-4029-A732-1996ADC9BEF0}.Release|x64.ActiveCfg = Release|x64
		{317B6C07-49BC-4029-A732-1996ADC9BEF0}.Release|x64.Build.0 = Release|x64
		{317B6C07-49BC-4029-A732-1996ADC9BEF0}.Release|x86.ActiveCfg = Release|Win32
		{317B6C07-49BC-4029-A732-1996ADC9BEF0}.Release|x86.Build.0 = Release|Win32
		{B9E49488-C456-4543-9C69-3A1D69EF01A8}.Debug|x64.ActiveCfg = Debug|x64
		{B9E49488-C456-4543-9C69-3A1D69EF01A8}.Debug|x64.Build.0 = Debug|x64
		{B9E49488-C456-4543-9C69-3A1D69EF01A8}.Debug|x86.ActiveCfg = Debug|Win32
		{B9E49488-C456-4543-9C69-3A1D69EF01A8}.Debug|x86.Build.0 = Debug|Win32
		{B9E49488-C456-4543-9C69-3A1D69EF01A8}.Release|x64.ActiveCfg = Release|x64
		{B9E49488-C456-4543-9C69-3A1D69EF01A8}.Release|x64.Build.0 = Release|x64
		{B9E49488-C456-4543-9C69-3A1D69EF01A8}.Release|x86.ActiveCfg = Release|Win32
		{B9E49488-C456-4543-9C69-3A1D69EF01A8}.Release|x86.Build.0 = Release|Win32
		{5B39FD51-7F22-4157-83EE-19A5E9CF3660}.Debug|x64.ActiveCfg = Debug|x64
		{5B39FD51-7F22-4157-83EE-19A5E9CF3660}.Debug|x64.Build.0 = Debug|x64
		{5B39FD51-7F22-4157-83EE-19A5E9CF3660}.Debug|x86.ActiveCfg = Debug|Win32
		{5B39FD51-7F22-4157-83EE-19A5E9CF3660}.Debug|x86.Build.0 = Debug|Win32
		{5B39FD51-7F22-4157-83EE-19A5E9CF3660}.Release|x64.ActiveCfg = Release|x64
		{5B39FD51-7F22-4157-83EE-19A5E9CF3660}.Release|x64.Build.0 = Release|x64
		{5B39FD51-7F22-4157-83EE-19A5E9CF3660}.Release|x86.ActiveCfg = Release|Win32
		{5B39FD51-7F22-4157-83EE-19A5E9CF3660}.Release|x86.Build.0 = Release|Win32
		{0783B184-4540-49CA-9F53-4B1527EDCB9E}.Debug|x64.ActiveCfg = Debug|x64
		{0783B184-4540-49CA-9F53-4B1527EDCB9E}.Debug|x64.Build.0 = Debug|x64
		{0783B184-4540-49CA-9F53-4B1527EDCB9E}.Debug|x86.ActiveCfg = Debug|Win32
		{0783B184-4540-49CA-9F53-4B1527EDCB9E}.Debug|x86.Build.0 = Debug|Win32
		{0783B184-4540-49CA-9F53-4B1527EDCB9E}.Release|x64.ActiveCfg = Release|x64
		{0783B184-4540-49CA-9F53-4B1527EDCB9E}.Release|x64.Build.0 = Release|x64
		{0783B184-4540-49CA-9F53-4B1527EDCB9E}.Release|x86.ActiveCfg = Release|Win32
		{0783B184-4540-49CA-9F53-4B1527EDCB9E}.Release|x86.Build.0 = Release|Win32
		{A2687FD0-D318-46A2-828A-D9A8EFA5799E}.Debug|x64.ActiveCfg = Debug|x64
		{A2687FD0-D318-46A2-828A-D9A8EFA5799E}.Debug|x64.Build.0 = Debug|x64
		{A2687FD0-D318-46A2-828A-D9A8EFA5799E}.Debug|x86.ActiveCfg = Debug|Win32
		{A2687FD0-D318-46A2-828A-D9A8EFA5799E}.Debug|x86.Build.0 = Debug|Win32
		{A2687FD0-D318-46A2-828A-D9A8EFA5799E}.Release|x64.ActiveCfg = Release|x64
		{A2687FD0-D318-46A2-828A-D9A8EFA5799E}.Release|x64.Build.0 = Release|x64
		{A2687FD0-D318-46A2-828A-D9A8EFA5799E}.Release|x86.ActiveCfg = Release|Win32
		{A2687FD0-D318-46A2-828A-D9A8EFA5799E}.Release|x86.Build.0 = Release|Win32
		{A05F2AD2-4F43-496A-BB16-E3D152AB6A26}.Debug|x64.ActiveCfg = Debug|x64
		{A05F2AD2-4F43-496A-BB16-E3D152AB6A26}.Debug|x64.Build.0 = Debug|x64
		{A05F2AD2-4F43-496A-BB16-E3D152AB6A26}.Debug|x86.ActiveCfg = Debug|Win32
		{A05F2AD2-4F43-496A-BB16-E3D152AB6A26}.Debug|x86.Build.0 = Debug|Win32
		{A05F2AD2-4F43-496A-BB16-E3D152AB6A26}.Release|x64.ActiveCfg = Release|x64
		{A05F2AD2-4F43-496A-BB16-E3D152AB6A26}.Release|x64.Build.0 = Release|x64
		{A05F2AD2-4F43-496A-BB16-E3D152AB6A26}.Release|x86.ActiveCfg = Release|Win32
		{A05F2AD2-4F43-496A-BB16-E3D152AB6A26}.Release|x86.Build.0 = Release|Win32
	EndGlobalSection
	GlobalSection(SolutionProperties) = preSolution
		HideSolutionNode = FALSE
	EndGlobalSection
	GlobalSection(ExtensibilityGlobals) = postSolution
		SolutionGuid = {841C3C30-9E7E-4CE9-BD39-0BCAA3560A70}
	EndGlobalSection
EndGlobal
